
Microsoft Visual Studio Solution File, Format Version 10.00
# Visual Studio 2008
Project("{8BC9CEB8-8B4A-11D0-8D11-00A0C91BC942}") = "DX11IFR_AsyncHWEncode", "DX11IFR_AsyncHWEncode_2008.vcproj", "{2983196B-5ABF-487F-8488-A2E90598FAD7}"
EndProject
Global
	GlobalSection(SolutionConfigurationPlatforms) = preSolution
		Debug|Win32 = Debug|Win32
		Debug|x64 = Debug|x64
		Release|Win32 = Release|Win32
		Release|x64 = Release|x64
	EndGlobalSection
	GlobalSection(ProjectConfigurationPlatforms) = postSolution
		{2983196B-5ABF-487F-8488-A2E90598FAD7}.Debug|Win32.ActiveCfg = Debug|Win32
		{2983196B-5ABF-487F-8488-A2E90598FAD7}.Debug|Win32.Build.0 = Debug|Win32
		{2983196B-5ABF-487F-8488-A2E90598FAD7}.Debug|x64.ActiveCfg = Debug|x64
		{2983196B-5ABF-487F-8488-A2E90598FAD7}.Debug|x64.Build.0 = Debug|x64
		{2983196B-5ABF-487F-8488-A2E90598FAD7}.Release|Win32.ActiveCfg = Release|Win32
		{2983196B-5ABF-487F-8488-A2E90598FAD7}.Release|Win32.Build.0 = Release|Win32
		{2983196B-5ABF-487F-8488-A2E90598FAD7}.Release|x64.ActiveCfg = Release|x64
		{2983196B-5ABF-487F-8488-A2E90598FAD7}.Release|x64.Build.0 = Release|x64
	EndGlobalSection
	GlobalSection(SolutionProperties) = preSolution
		HideSolutionNode = FALSE
	EndGlobalSection
EndGlobal
