
Microsoft Visual Studio Solution File, Format Version 10.00
# Visual Studio 2008
Project("{2150E333-8FDC-42A3-9474-1A3956D46DE8}") = "Benchmark", "Benchmark", "{9FD67E2B-F200-4EEC-B11E-5304344442E8}"
	ProjectSection(ProjectDependencies) = postProject
		{1204D7DC-7E0B-4710-87D7-5BBC67FAAC63} = {1204D7DC-7E0B-4710-87D7-5BBC67FAAC63}
	EndProjectSection
EndProject
Project("{8BC9CEB8-8B4A-11D0-8D11-00A0C91BC942}") = "GLIFR_PerfHwEnc", "Benchmark\GLIFRPerfHwEnc\GLIFR_PerfHwEnc_2008.vcproj", "{6DBB1FAD-68E0-4640-8FB4-72CEBB1042BD}"
	ProjectSection(ProjectDependencies) = postProject
		{1204D7DC-7E0B-4710-87D7-5BBC67FAAC63} = {1204D7DC-7E0B-4710-87D7-5BBC67FAAC63}
	EndProjectSection
EndProject
Project("{8BC9CEB8-8B4A-11D0-8D11-00A0C91BC942}") = "PerfNVHWEnc", "Benchmark\PerfNVHWENC\PerfNVHWENC_2008.vcproj", "{770D184C-33A6-4AA0-8035-48A6A8A3D0B4}"
	ProjectSection(ProjectDependencies) = postProject
		{1204D7DC-7E0B-4710-87D7-5BBC67FAAC63} = {1204D7DC-7E0B-4710-87D7-5BBC67FAAC63}
	EndProjectSection
EndProject
Project("{2150E333-8FDC-42A3-9474-1A3956D46DE8}") = "NvFBC", "NvFBC", "{E9C72F5E-BD3E-42E4-995D-563F6EB81B70}"
	ProjectSection(ProjectDependencies) = postProject
		{1204D7DC-7E0B-4710-87D7-5BBC67FAAC63} = {1204D7DC-7E0B-4710-87D7-5BBC67FAAC63}
	EndProjectSection
EndProject
Project("{8BC9CEB8-8B4A-11D0-8D11-00A0C91BC942}") = "NvFBCCudaSimple", "NvFBC\NvFBCCudaSimple\NvFBCCudaSimple_2008.vcproj", "{72523016-2703-4691-B290-CF661592BEE1}"
	ProjectSection(ProjectDependencies) = postProject
		{1204D7DC-7E0B-4710-87D7-5BBC67FAAC63} = {1204D7DC-7E0B-4710-87D7-5BBC67FAAC63}
	EndProjectSection
EndProject
Project("{8BC9CEB8-8B4A-11D0-8D11-00A0C91BC942}") = "NvFBCCudaNvEnc", "NvFBC\NvFBCCudaNvENc\NvFBCCudaNvEnc_2008.vcproj", "{9E83FA75-20C0-4FAE-9DD2-E5557568AF70}"
	ProjectSection(ProjectDependencies) = postProject
		{1204D7DC-7E0B-4710-87D7-5BBC67FAAC63} = {1204D7DC-7E0B-4710-87D7-5BBC67FAAC63}
	EndProjectSection
EndProject
Project("{8BC9CEB8-8B4A-11D0-8D11-00A0C91BC942}") = "NvFBCDX9NvEnc", "NvFBC\NvFBCDX9NvENc\NvFBCDX9NvEnc_2008.vcproj", "{6FFDF2FC-FA3C-431C-82EF-148C819F003C}"
	ProjectSection(ProjectDependencies) = postProject
		{1204D7DC-7E0B-4710-87D7-5BBC67FAAC63} = {1204D7DC-7E0B-4710-87D7-5BBC67FAAC63}
	EndProjectSection
EndProject
Project("{8BC9CEB8-8B4A-11D0-8D11-00A0C91BC942}") = "NvFBCToSys", "NvFBC\NvFBCToSys\NvFBCToSys_2008.vcproj", "{C271CF16-B5EE-4AB2-BDBB-34229F49AC36}"
	ProjectSection(ProjectDependencies) = postProject
		{1204D7DC-7E0B-4710-87D7-5BBC67FAAC63} = {1204D7DC-7E0B-4710-87D7-5BBC67FAAC63}
	EndProjectSection
EndProject
Project("{8BC9CEB8-8B4A-11D0-8D11-00A0C91BC942}") = "NvFBCHWEncode", "NvFBC\NvFBCHWEncode\NvFBCHWEncode_2008.vcproj", "{C0F6AF4D-2772-4167-8C29-24F95A08F2F0}"
	ProjectSection(ProjectDependencies) = postProject
		{1204D7DC-7E0B-4710-87D7-5BBC67FAAC63} = {1204D7DC-7E0B-4710-87D7-5BBC67FAAC63}
	EndProjectSection
EndProject
Project("{8BC9CEB8-8B4A-11D0-8D11-00A0C91BC942}") = "NvFBCCursorCapture", "NvFBC\NVFBCCursorCapture\NvFBCCursorCapture_2008.vcproj", "{F052BCC5-4EAD-438A-8CFD-911431AD8D74}"
	ProjectSection(ProjectDependencies) = postProject
		{1204D7DC-7E0B-4710-87D7-5BBC67FAAC63} = {1204D7DC-7E0B-4710-87D7-5BBC67FAAC63}
	EndProjectSection
EndProject
Project("{8BC9CEB8-8B4A-11D0-8D11-00A0C91BC942}") = "NvFBCEnableAPI", "NvFBC\NvFBCEnableAPI\NvFBCEnableAPI_2008.vcproj", "{3ABF8E40-07B3-4303-A8BD-17CCAC414B7C}"
EndProject
Project("{2150E333-8FDC-42A3-9474-1A3956D46DE8}") = "NvIFR_DirectX", "NvIFR_DirectX", "{E668CA8E-684F-4267-A89C-609AF907E59A}"
	ProjectSection(ProjectDependencies) = postProject
		{1204D7DC-7E0B-4710-87D7-5BBC67FAAC63} = {1204D7DC-7E0B-4710-87D7-5BBC67FAAC63}
	EndProjectSection
EndProject
Project("{8BC9CEB8-8B4A-11D0-8D11-00A0C91BC942}") = "DX9IFR_SimpleSample", "DirectxIFR\DX9IFRSimpleSample\DX9IFR_SimpleSample_2008.vcproj", "{C0B4A6C7-D640-4482-A9D6-ECF99615CA9C}"
	ProjectSection(ProjectDependencies) = postProject
		{1204D7DC-7E0B-4710-87D7-5BBC67FAAC63} = {1204D7DC-7E0B-4710-87D7-5BBC67FAAC63}
	EndProjectSection
EndProject
Project("{8BC9CEB8-8B4A-11D0-8D11-00A0C91BC942}") = "DX9IFR_AsyncHWEncode", "DirectxIFR\DX9IFRAsyncHWEncode\DX9IFR_AsyncHWEncode_2008.vcproj", "{DE2BAE83-8869-4805-8935-32B6D8F83306}"
	ProjectSection(ProjectDependencies) = postProject
		{1204D7DC-7E0B-4710-87D7-5BBC67FAAC63} = {1204D7DC-7E0B-4710-87D7-5BBC67FAAC63}
	EndProjectSection
EndProject
Project("{8BC9CEB8-8B4A-11D0-8D11-00A0C91BC942}") = "DX9IFR_SharedSurfaceHWEncode", "DirectxIFR\DX9IFRSharedSurfaceHWEncode\DX9IFR_SharedSurfaceHWEncode_2008.vcproj", "{E62A41AA-E309-48F7-B00F-352938BBA1A2}"
	ProjectSection(ProjectDependencies) = postProject
		{1204D7DC-7E0B-4710-87D7-5BBC67FAAC63} = {1204D7DC-7E0B-4710-87D7-5BBC67FAAC63}
	EndProjectSection
EndProject
Project("{8BC9CEB8-8B4A-11D0-8D11-00A0C91BC942}") = "DX9IFR_SimpleHWEncode", "DirectxIFR\DX9IFRSimpleHWEncode\DX9IFR_SimpleHWEncode_2008.vcproj", "{BAFC376C-4A48-44DA-94F2-61F412DA720C}"
	ProjectSection(ProjectDependencies) = postProject
		{1204D7DC-7E0B-4710-87D7-5BBC67FAAC63} = {1204D7DC-7E0B-4710-87D7-5BBC67FAAC63}
	EndProjectSection
EndProject
Project("{8BC9CEB8-8B4A-11D0-8D11-00A0C91BC942}") = "DX9IFRHWEncodeMultiGPUStress", "DirectxIFR\DX9IFRHWEncodeMultiGPUStress\DX9IFRHWEncodeMultiGPUStress_2008.vcproj", "{0753B2CA-1CBA-468A-8861-1AFA19E2BD3F}"
	ProjectSection(ProjectDependencies) = postProject
		{1204D7DC-7E0B-4710-87D7-5BBC67FAAC63} = {1204D7DC-7E0B-4710-87D7-5BBC67FAAC63}
	EndProjectSection
EndProject
Project("{8BC9CEB8-8B4A-11D0-8D11-00A0C91BC942}") = "DX10IFR_AsyncHWEncode", "DirectxIFR\DX10IFRAsyncHWEncode\DX10IFR_AsyncHWEncode_2008.vcproj", "{FC404326-1C04-417B-AA46-017E05681CE8}"
	ProjectSection(ProjectDependencies) = postProject
		{1204D7DC-7E0B-4710-87D7-5BBC67FAAC63} = {1204D7DC-7E0B-4710-87D7-5BBC67FAAC63}
	EndProjectSection
EndProject
Project("{8BC9CEB8-8B4A-11D0-8D11-00A0C91BC942}") = "DX10IFR_SimpleSample", "DirectxIFR\DX10IFRSimpleSample\DX10IFR_SimpleSample_2008.vcproj", "{75CC4E7B-7364-4214-82C9-E716A02331B4}"
	ProjectSection(ProjectDependencies) = postProject
		{1204D7DC-7E0B-4710-87D7-5BBC67FAAC63} = {1204D7DC-7E0B-4710-87D7-5BBC67FAAC63}
	EndProjectSection
EndProject
Project("{8BC9CEB8-8B4A-11D0-8D11-00A0C91BC942}") = "DX11IFR_AsyncHWEncode", "DirectxIFR\DX11IFRAsyncHWEncode\DX11IFR_AsyncHWEncode_2008.vcproj", "{7A2A6D8E-272F-4F70-B243-32220578B69E}"
	ProjectSection(ProjectDependencies) = postProject
		{1204D7DC-7E0B-4710-87D7-5BBC67FAAC63} = {1204D7DC-7E0B-4710-87D7-5BBC67FAAC63}
	EndProjectSection
EndProject
Project("{8BC9CEB8-8B4A-11D0-8D11-00A0C91BC942}") = "DX11IFR_SimpleSample", "DirectxIFR\DX11IFRSimpleSample\DX11IFR_SimpleSample_2008.vcproj", "{8AB7DF01-EA65-457C-A753-9EACB3390F65}"
	ProjectSection(ProjectDependencies) = postProject
		{1204D7DC-7E0B-4710-87D7-5BBC67FAAC63} = {1204D7DC-7E0B-4710-87D7-5BBC67FAAC63}
	EndProjectSection
EndProject
Project("{2150E333-8FDC-42A3-9474-1A3956D46DE8}") = "NvIFR_OpenGL", "NvIFR_OpenGL", "{565BB92A-07BC-4F7A-9C19-1D655306C64A}"
	ProjectSection(ProjectDependencies) = postProject
		{1204D7DC-7E0B-4710-87D7-5BBC67FAAC63} = {1204D7DC-7E0B-4710-87D7-5BBC67FAAC63}
	EndProjectSection
EndProject
Project("{8BC9CEB8-8B4A-11D0-8D11-00A0C91BC942}") = "GLIFR_SimpleSample", "OGLIFR\GLIFRSimpleSample\GLIFR_SimpleSample_2008.vcproj", "{28B85D98-198B-460B-8824-058300F59030}"
	ProjectSection(ProjectDependencies) = postProject
		{1204D7DC-7E0B-4710-87D7-5BBC67FAAC63} = {1204D7DC-7E0B-4710-87D7-5BBC67FAAC63}
	EndProjectSection
EndProject
Project("{8BC9CEB8-8B4A-11D0-8D11-00A0C91BC942}") = "GLIFR_ThreadedHwEnc", "OGLIFR\GLIFRThreadedHwEnc\GLIFR_ThreadedHwEnc_2008.vcproj", "{B28878A8-D222-4EC8-8569-280F715FBC1E}"
	ProjectSection(ProjectDependencies) = postProject
		{1204D7DC-7E0B-4710-87D7-5BBC67FAAC63} = {1204D7DC-7E0B-4710-87D7-5BBC67FAAC63}
	EndProjectSection
EndProject
Project("{8BC9CEB8-8B4A-11D0-8D11-00A0C91BC942}") = "GLIFR_SimplePBuffer", "OGLIFR\GLIFRSimplePbuffer\GLIFR_SimplePBuffer_2008.vcproj", "{83593CDC-3B45-4B95-9EA5-ED5E2F30F2CB}"
	ProjectSection(ProjectDependencies) = postProject
		{1204D7DC-7E0B-4710-87D7-5BBC67FAAC63} = {1204D7DC-7E0B-4710-87D7-5BBC67FAAC63}
	EndProjectSection
EndProject
Project("{8BC9CEB8-8B4A-11D0-8D11-00A0C91BC942}") = "GLIFR_SimpleHwEnc", "OGLIFR\GLIFRSimpleHwEnc\GLIFR_SimpleHwEnc_2008.vcproj", "{1CD7E32A-18B0-42B4-A6E5-3CBB36C4AB2A}"
	ProjectSection(ProjectDependencies) = postProject
		{1204D7DC-7E0B-4710-87D7-5BBC67FAAC63} = {1204D7DC-7E0B-4710-87D7-5BBC67FAAC63}
	EndProjectSection
EndProject
Project("{8BC9CEB8-8B4A-11D0-8D11-00A0C91BC942}") = "GLIFR_PbufferHwEnc", "OGLIFR\GLIFRPbufferHwEnc\GLIFR_PbufferHwEnc_2008.vcproj", "{434EE428-0BB5-4934-AA88-4EA32AE90E17}"
	ProjectSection(ProjectDependencies) = postProject
		{1204D7DC-7E0B-4710-87D7-5BBC67FAAC63} = {1204D7DC-7E0B-4710-87D7-5BBC67FAAC63}
	EndProjectSection
EndProject
Project("{8BC9CEB8-8B4A-11D0-8D11-00A0C91BC942}") = "GLIFR_MultiHwEnc", "OGLIFR\GLIFRMultiHwEnc\GLIFR_MultiHwEnc_2008.vcproj", "{029D1DD9-3B52-42F4-B431-C41082217DA6}"
	ProjectSection(ProjectDependencies) = postProject
		{1204D7DC-7E0B-4710-87D7-5BBC67FAAC63} = {1204D7DC-7E0B-4710-87D7-5BBC67FAAC63}
	EndProjectSection
EndProject
Project("{8BC9CEB8-8B4A-11D0-8D11-00A0C91BC942}") = "GLIFR_Async", "OGLIFR\GLIFRAsync\GLIFR_Async_2008.vcproj", "{90D4D383-61BE-4AA5-9BDB-691647AE9746}"
	ProjectSection(ProjectDependencies) = postProject
		{1204D7DC-7E0B-4710-87D7-5BBC67FAAC63} = {1204D7DC-7E0B-4710-87D7-5BBC67FAAC63}
	EndProjectSection
EndProject
Project("{8BC9CEB8-8B4A-11D0-8D11-00A0C91BC942}") = "GLIFR_NVENCDynRes", "OGLIFR\GLIFRNVENCDynRes\GLIFR_NVENCDynRes_2008.vcproj", "{87FDE0F6-1F2F-4301-A31B-D1B8CBEFE90B}"
	ProjectSection(ProjectDependencies) = postProject
		{1204D7DC-7E0B-4710-87D7-5BBC67FAAC63} = {1204D7DC-7E0B-4710-87D7-5BBC67FAAC63}
	EndProjectSection
EndProject
Project("{8BC9CEB8-8B4A-11D0-8D11-00A0C91BC942}") = "GLIFRNVENCGetCaps", "OGLIFR\GLIFRNVENCGetCaps\GLIFRNVENCGetCaps_2008.vcproj", "{5E6008CA-6AF2-485E-8610-27DB2E6DAD9C}"
	ProjectSection(ProjectDependencies) = postProject
		{1204D7DC-7E0B-4710-87D7-5BBC67FAAC63} = {1204D7DC-7E0B-4710-87D7-5BBC67FAAC63}
	EndProjectSection
EndProject
Project("{2150E333-8FDC-42A3-9474-1A3956D46DE8}") = "Utilities", "Utilities", "{6F438C05-263A-4AD8-AC7F-8A8C7DDEBCCA}"
EndProject
Project("{8BC9CEB8-8B4A-11D0-8D11-00A0C91BC942}") = "Util", "Util\Util_2008.vcproj", "{1204D7DC-7E0B-4710-87D7-5BBC67FAAC63}"
EndProject
Project("{8BC9CEB8-8B4A-11D0-8D11-00A0C91BC942}") = "MultiHead", "NvFBC\MultiHead\MultiHead_2008.vcproj", "{005C68A6-81F6-4349-9E29-6FA2BC09A5A8}"
	ProjectSection(ProjectDependencies) = postProject
		{1204D7DC-7E0B-4710-87D7-5BBC67FAAC63} = {1204D7DC-7E0B-4710-87D7-5BBC67FAAC63}
	EndProjectSection
EndProject
Project("{8BC9CEB8-8B4A-11D0-8D11-00A0C91BC942}") = "NvFBCDX9DiffMap", "NvFBC\NvFBCDX9DiffMap\NvFBCDX9DiffMap_2008.vcproj", "{F111EDF9-E921-44DE-BF02-8AC246F80405}"
	ProjectSection(ProjectDependencies) = postProject
		{1204D7DC-7E0B-4710-87D7-5BBC67FAAC63} = {1204D7DC-7E0B-4710-87D7-5BBC67FAAC63}
	EndProjectSection
EndProject
Project("{8BC9CEB8-8B4A-11D0-8D11-00A0C91BC942}") = "NvFBCDX9NvEncSharedSurface", "NvFBC\NvFBCDX9NvEncSharedSurface\NvFBCDX9NvEncSharedSurface_2008.vcproj", "{016D3EB9-11A4-494E-96EC-D9DD0146E8C3}"
EndProject
Global
	GlobalSection(SolutionConfigurationPlatforms) = preSolution
		Debug|Win32 = Debug|Win32
		Debug|x64 = Debug|x64
		Release|Win32 = Release|Win32
		Release|x64 = Release|x64
	EndGlobalSection
	GlobalSection(ProjectConfigurationPlatforms) = postSolution
		{6DBB1FAD-68E0-4640-8FB4-72CEBB1042BD}.Debug|Win32.ActiveCfg = Debug|Win32
		{6DBB1FAD-68E0-4640-8FB4-72CEBB1042BD}.Debug|Win32.Build.0 = Debug|Win32
		{6DBB1FAD-68E0-4640-8FB4-72CEBB1042BD}.Debug|x64.ActiveCfg = Debug|x64
		{6DBB1FAD-68E0-4640-8FB4-72CEBB1042BD}.Debug|x64.Build.0 = Debug|x64
		{6DBB1FAD-68E0-4640-8FB4-72CEBB1042BD}.Release|Win32.ActiveCfg = Release|Win32
		{6DBB1FAD-68E0-4640-8FB4-72CEBB1042BD}.Release|Win32.Build.0 = Release|Win32
		{6DBB1FAD-68E0-4640-8FB4-72CEBB1042BD}.Release|x64.ActiveCfg = Release|x64
		{6DBB1FAD-68E0-4640-8FB4-72CEBB1042BD}.Release|x64.Build.0 = Release|x64
		{770D184C-33A6-4AA0-8035-48A6A8A3D0B4}.Debug|Win32.ActiveCfg = Debug|Win32
		{770D184C-33A6-4AA0-8035-48A6A8A3D0B4}.Debug|Win32.Build.0 = Debug|Win32
		{770D184C-33A6-4AA0-8035-48A6A8A3D0B4}.Debug|x64.ActiveCfg = Debug|x64
		{770D184C-33A6-4AA0-8035-48A6A8A3D0B4}.Debug|x64.Build.0 = Debug|x64
		{770D184C-33A6-4AA0-8035-48A6A8A3D0B4}.Release|Win32.ActiveCfg = Release|Win32
		{770D184C-33A6-4AA0-8035-48A6A8A3D0B4}.Release|Win32.Build.0 = Release|Win32
		{770D184C-33A6-4AA0-8035-48A6A8A3D0B4}.Release|x64.ActiveCfg = Release|x64
		{770D184C-33A6-4AA0-8035-48A6A8A3D0B4}.Release|x64.Build.0 = Release|x64
		{72523016-2703-4691-B290-CF661592BEE1}.Debug|Win32.ActiveCfg = Debug|Win32
		{72523016-2703-4691-B290-CF661592BEE1}.Debug|Win32.Build.0 = Debug|Win32
		{72523016-2703-4691-B290-CF661592BEE1}.Debug|x64.ActiveCfg = Debug|x64
		{72523016-2703-4691-B290-CF661592BEE1}.Debug|x64.Build.0 = Debug|x64
		{72523016-2703-4691-B290-CF661592BEE1}.Release|Win32.ActiveCfg = Release|Win32
		{72523016-2703-4691-B290-CF661592BEE1}.Release|Win32.Build.0 = Release|Win32
		{72523016-2703-4691-B290-CF661592BEE1}.Release|x64.ActiveCfg = Release|x64
		{72523016-2703-4691-B290-CF661592BEE1}.Release|x64.Build.0 = Release|x64
		{9E83FA75-20C0-4FAE-9DD2-E5557568AF70}.Debug|Win32.ActiveCfg = Debug|Win32
		{9E83FA75-20C0-4FAE-9DD2-E5557568AF70}.Debug|Win32.Build.0 = Debug|Win32
		{9E83FA75-20C0-4FAE-9DD2-E5557568AF70}.Debug|x64.ActiveCfg = Debug|x64
		{9E83FA75-20C0-4FAE-9DD2-E5557568AF70}.Debug|x64.Build.0 = Debug|x64
		{9E83FA75-20C0-4FAE-9DD2-E5557568AF70}.Release|Win32.ActiveCfg = Release|Win32
		{9E83FA75-20C0-4FAE-9DD2-E5557568AF70}.Release|Win32.Build.0 = Release|Win32
		{9E83FA75-20C0-4FAE-9DD2-E5557568AF70}.Release|x64.ActiveCfg = Release|x64
		{9E83FA75-20C0-4FAE-9DD2-E5557568AF70}.Release|x64.Build.0 = Release|x64
		{6FFDF2FC-FA3C-431C-82EF-148C819F003C}.Debug|Win32.ActiveCfg = Debug|Win32
		{6FFDF2FC-FA3C-431C-82EF-148C819F003C}.Debug|Win32.Build.0 = Debug|Win32
		{6FFDF2FC-FA3C-431C-82EF-148C819F003C}.Debug|x64.ActiveCfg = Debug|x64
		{6FFDF2FC-FA3C-431C-82EF-148C819F003C}.Debug|x64.Build.0 = Debug|x64
		{6FFDF2FC-FA3C-431C-82EF-148C819F003C}.Release|Win32.ActiveCfg = Release|Win32
		{6FFDF2FC-FA3C-431C-82EF-148C819F003C}.Release|Win32.Build.0 = Release|Win32
		{6FFDF2FC-FA3C-431C-82EF-148C819F003C}.Release|x64.ActiveCfg = Release|x64
		{6FFDF2FC-FA3C-431C-82EF-148C819F003C}.Release|x64.Build.0 = Release|x64
		{C271CF16-B5EE-4AB2-BDBB-34229F49AC36}.Debug|Win32.ActiveCfg = Debug|Win32
		{C271CF16-B5EE-4AB2-BDBB-34229F49AC36}.Debug|Win32.Build.0 = Debug|Win32
		{C271CF16-B5EE-4AB2-BDBB-34229F49AC36}.Debug|x64.ActiveCfg = Debug|x64
		{C271CF16-B5EE-4AB2-BDBB-34229F49AC36}.Debug|x64.Build.0 = Debug|x64
		{C271CF16-B5EE-4AB2-BDBB-34229F49AC36}.Release|Win32.ActiveCfg = Release|Win32
		{C271CF16-B5EE-4AB2-BDBB-34229F49AC36}.Release|Win32.Build.0 = Release|Win32
		{C271CF16-B5EE-4AB2-BDBB-34229F49AC36}.Release|x64.ActiveCfg = Release|x64
		{C271CF16-B5EE-4AB2-BDBB-34229F49AC36}.Release|x64.Build.0 = Release|x64
		{C0F6AF4D-2772-4167-8C29-24F95A08F2F0}.Debug|Win32.ActiveCfg = Debug|Win32
		{C0F6AF4D-2772-4167-8C29-24F95A08F2F0}.Debug|Win32.Build.0 = Debug|Win32
		{C0F6AF4D-2772-4167-8C29-24F95A08F2F0}.Debug|x64.ActiveCfg = Debug|x64
		{C0F6AF4D-2772-4167-8C29-24F95A08F2F0}.Debug|x64.Build.0 = Debug|x64
		{C0F6AF4D-2772-4167-8C29-24F95A08F2F0}.Release|Win32.ActiveCfg = Release|Win32
		{C0F6AF4D-2772-4167-8C29-24F95A08F2F0}.Release|Win32.Build.0 = Release|Win32
		{C0F6AF4D-2772-4167-8C29-24F95A08F2F0}.Release|x64.ActiveCfg = Release|x64
		{C0F6AF4D-2772-4167-8C29-24F95A08F2F0}.Release|x64.Build.0 = Release|x64
		{F052BCC5-4EAD-438A-8CFD-911431AD8D74}.Debug|Win32.ActiveCfg = Debug|Win32
		{F052BCC5-4EAD-438A-8CFD-911431AD8D74}.Debug|Win32.Build.0 = Debug|Win32
		{F052BCC5-4EAD-438A-8CFD-911431AD8D74}.Debug|x64.ActiveCfg = Debug|x64
		{F052BCC5-4EAD-438A-8CFD-911431AD8D74}.Debug|x64.Build.0 = Debug|x64
		{F052BCC5-4EAD-438A-8CFD-911431AD8D74}.Release|Win32.ActiveCfg = Release|Win32
		{F052BCC5-4EAD-438A-8CFD-911431AD8D74}.Release|Win32.Build.0 = Release|Win32
		{F052BCC5-4EAD-438A-8CFD-911431AD8D74}.Release|x64.ActiveCfg = Release|x64
		{F052BCC5-4EAD-438A-8CFD-911431AD8D74}.Release|x64.Build.0 = Release|x64
		{3ABF8E40-07B3-4303-A8BD-17CCAC414B7C}.Debug|Win32.ActiveCfg = Debug|Win32
		{3ABF8E40-07B3-4303-A8BD-17CCAC414B7C}.Debug|Win32.Build.0 = Debug|Win32
		{3ABF8E40-07B3-4303-A8BD-17CCAC414B7C}.Debug|x64.ActiveCfg = Debug|x64
		{3ABF8E40-07B3-4303-A8BD-17CCAC414B7C}.Debug|x64.Build.0 = Debug|x64
		{3ABF8E40-07B3-4303-A8BD-17CCAC414B7C}.Release|Win32.ActiveCfg = Release|Win32
		{3ABF8E40-07B3-4303-A8BD-17CCAC414B7C}.Release|Win32.Build.0 = Release|Win32
		{3ABF8E40-07B3-4303-A8BD-17CCAC414B7C}.Release|x64.ActiveCfg = Release|x64
		{3ABF8E40-07B3-4303-A8BD-17CCAC414B7C}.Release|x64.Build.0 = Release|x64
		{C0B4A6C7-D640-4482-A9D6-ECF99615CA9C}.Debug|Win32.ActiveCfg = Debug|Win32
		{C0B4A6C7-D640-4482-A9D6-ECF99615CA9C}.Debug|Win32.Build.0 = Debug|Win32
		{C0B4A6C7-D640-4482-A9D6-ECF99615CA9C}.Debug|x64.ActiveCfg = Debug|x64
		{C0B4A6C7-D640-4482-A9D6-ECF99615CA9C}.Debug|x64.Build.0 = Debug|x64
		{C0B4A6C7-D640-4482-A9D6-ECF99615CA9C}.Release|Win32.ActiveCfg = Release|Win32
		{C0B4A6C7-D640-4482-A9D6-ECF99615CA9C}.Release|Win32.Build.0 = Release|Win32
		{C0B4A6C7-D640-4482-A9D6-ECF99615CA9C}.Release|x64.ActiveCfg = Release|x64
		{C0B4A6C7-D640-4482-A9D6-ECF99615CA9C}.Release|x64.Build.0 = Release|x64
		{DE2BAE83-8869-4805-8935-32B6D8F83306}.Debug|Win32.ActiveCfg = Debug|Win32
		{DE2BAE83-8869-4805-8935-32B6D8F83306}.Debug|Win32.Build.0 = Debug|Win32
		{DE2BAE83-8869-4805-8935-32B6D8F83306}.Debug|x64.ActiveCfg = Debug|x64
		{DE2BAE83-8869-4805-8935-32B6D8F83306}.Debug|x64.Build.0 = Debug|x64
		{DE2BAE83-8869-4805-8935-32B6D8F83306}.Release|Win32.ActiveCfg = Release|Win32
		{DE2BAE83-8869-4805-8935-32B6D8F83306}.Release|Win32.Build.0 = Release|Win32
		{DE2BAE83-8869-4805-8935-32B6D8F83306}.Release|x64.ActiveCfg = Release|x64
		{DE2BAE83-8869-4805-8935-32B6D8F83306}.Release|x64.Build.0 = Release|x64
		{E62A41AA-E309-48F7-B00F-352938BBA1A2}.Debug|Win32.ActiveCfg = Debug|Win32
		{E62A41AA-E309-48F7-B00F-352938BBA1A2}.Debug|Win32.Build.0 = Debug|Win32
		{E62A41AA-E309-48F7-B00F-352938BBA1A2}.Debug|x64.ActiveCfg = Debug|x64
		{E62A41AA-E309-48F7-B00F-352938BBA1A2}.Debug|x64.Build.0 = Debug|x64
		{E62A41AA-E309-48F7-B00F-352938BBA1A2}.Release|Win32.ActiveCfg = Release|Win32
		{E62A41AA-E309-48F7-B00F-352938BBA1A2}.Release|Win32.Build.0 = Release|Win32
		{E62A41AA-E309-48F7-B00F-352938BBA1A2}.Release|x64.ActiveCfg = Release|x64
		{E62A41AA-E309-48F7-B00F-352938BBA1A2}.Release|x64.Build.0 = Release|x64
		{BAFC376C-4A48-44DA-94F2-61F412DA720C}.Debug|Win32.ActiveCfg = Debug|Win32
		{BAFC376C-4A48-44DA-94F2-61F412DA720C}.Debug|Win32.Build.0 = Debug|Win32
		{BAFC376C-4A48-44DA-94F2-61F412DA720C}.Debug|x64.ActiveCfg = Debug|x64
		{BAFC376C-4A48-44DA-94F2-61F412DA720C}.Debug|x64.Build.0 = Debug|x64
		{BAFC376C-4A48-44DA-94F2-61F412DA720C}.Release|Win32.ActiveCfg = Release|Win32
		{BAFC376C-4A48-44DA-94F2-61F412DA720C}.Release|Win32.Build.0 = Release|Win32
		{BAFC376C-4A48-44DA-94F2-61F412DA720C}.Release|x64.ActiveCfg = Release|x64
		{BAFC376C-4A48-44DA-94F2-61F412DA720C}.Release|x64.Build.0 = Release|x64
		{0753B2CA-1CBA-468A-8861-1AFA19E2BD3F}.Debug|Win32.ActiveCfg = Debug|Win32
		{0753B2CA-1CBA-468A-8861-1AFA19E2BD3F}.Debug|Win32.Build.0 = Debug|Win32
		{0753B2CA-1CBA-468A-8861-1AFA19E2BD3F}.Debug|x64.ActiveCfg = Debug|x64
		{0753B2CA-1CBA-468A-8861-1AFA19E2BD3F}.Debug|x64.Build.0 = Debug|x64
		{0753B2CA-1CBA-468A-8861-1AFA19E2BD3F}.Release|Win32.ActiveCfg = Release|Win32
		{0753B2CA-1CBA-468A-8861-1AFA19E2BD3F}.Release|Win32.Build.0 = Release|Win32
		{0753B2CA-1CBA-468A-8861-1AFA19E2BD3F}.Release|x64.ActiveCfg = Release|x64
		{0753B2CA-1CBA-468A-8861-1AFA19E2BD3F}.Release|x64.Build.0 = Release|x64
		{FC404326-1C04-417B-AA46-017E05681CE8}.Debug|Win32.ActiveCfg = Debug|Win32
		{FC404326-1C04-417B-AA46-017E05681CE8}.Debug|Win32.Build.0 = Debug|Win32
		{FC404326-1C04-417B-AA46-017E05681CE8}.Debug|x64.ActiveCfg = Debug|x64
		{FC404326-1C04-417B-AA46-017E05681CE8}.Debug|x64.Build.0 = Debug|x64
		{FC404326-1C04-417B-AA46-017E05681CE8}.Release|Win32.ActiveCfg = Release|Win32
		{FC404326-1C04-417B-AA46-017E05681CE8}.Release|Win32.Build.0 = Release|Win32
		{FC404326-1C04-417B-AA46-017E05681CE8}.Release|x64.ActiveCfg = Release|x64
		{FC404326-1C04-417B-AA46-017E05681CE8}.Release|x64.Build.0 = Release|x64
		{75CC4E7B-7364-4214-82C9-E716A02331B4}.Debug|Win32.ActiveCfg = Debug|Win32
		{75CC4E7B-7364-4214-82C9-E716A02331B4}.Debug|Win32.Build.0 = Debug|Win32
		{75CC4E7B-7364-4214-82C9-E716A02331B4}.Debug|x64.ActiveCfg = Debug|x64
		{75CC4E7B-7364-4214-82C9-E716A02331B4}.Debug|x64.Build.0 = Debug|x64
		{75CC4E7B-7364-4214-82C9-E716A02331B4}.Release|Win32.ActiveCfg = Release|Win32
		{75CC4E7B-7364-4214-82C9-E716A02331B4}.Release|Win32.Build.0 = Release|Win32
		{75CC4E7B-7364-4214-82C9-E716A02331B4}.Release|x64.ActiveCfg = Release|x64
		{75CC4E7B-7364-4214-82C9-E716A02331B4}.Release|x64.Build.0 = Release|x64
		{7A2A6D8E-272F-4F70-B243-32220578B69E}.Debug|Win32.ActiveCfg = Debug|Win32
		{7A2A6D8E-272F-4F70-B243-32220578B69E}.Debug|Win32.Build.0 = Debug|Win32
		{7A2A6D8E-272F-4F70-B243-32220578B69E}.Debug|x64.ActiveCfg = Debug|x64
		{7A2A6D8E-272F-4F70-B243-32220578B69E}.Debug|x64.Build.0 = Debug|x64
		{7A2A6D8E-272F-4F70-B243-32220578B69E}.Release|Win32.ActiveCfg = Release|Win32
		{7A2A6D8E-272F-4F70-B243-32220578B69E}.Release|Win32.Build.0 = Release|Win32
		{7A2A6D8E-272F-4F70-B243-32220578B69E}.Release|x64.ActiveCfg = Release|x64
		{7A2A6D8E-272F-4F70-B243-32220578B69E}.Release|x64.Build.0 = Release|x64
		{8AB7DF01-EA65-457C-A753-9EACB3390F65}.Debug|Win32.ActiveCfg = Debug|Win32
		{8AB7DF01-EA65-457C-A753-9EACB3390F65}.Debug|Win32.Build.0 = Debug|Win32
		{8AB7DF01-EA65-457C-A753-9EACB3390F65}.Debug|x64.ActiveCfg = Debug|x64
		{8AB7DF01-EA65-457C-A753-9EACB3390F65}.Debug|x64.Build.0 = Debug|x64
		{8AB7DF01-EA65-457C-A753-9EACB3390F65}.Release|Win32.ActiveCfg = Release|Win32
		{8AB7DF01-EA65-457C-A753-9EACB3390F65}.Release|Win32.Build.0 = Release|Win32
		{8AB7DF01-EA65-457C-A753-9EACB3390F65}.Release|x64.ActiveCfg = Release|x64
		{8AB7DF01-EA65-457C-A753-9EACB3390F65}.Release|x64.Build.0 = Release|x64
		{28B85D98-198B-460B-8824-058300F59030}.Debug|Win32.ActiveCfg = Debug|Win32
		{28B85D98-198B-460B-8824-058300F59030}.Debug|Win32.Build.0 = Debug|Win32
		{28B85D98-198B-460B-8824-058300F59030}.Debug|x64.ActiveCfg = Debug|x64
		{28B85D98-198B-460B-8824-058300F59030}.Debug|x64.Build.0 = Debug|x64
		{28B85D98-198B-460B-8824-058300F59030}.Release|Win32.ActiveCfg = Release|Win32
		{28B85D98-198B-460B-8824-058300F59030}.Release|Win32.Build.0 = Release|Win32
		{28B85D98-198B-460B-8824-058300F59030}.Release|x64.ActiveCfg = Release|x64
		{28B85D98-198B-460B-8824-058300F59030}.Release|x64.Build.0 = Release|x64
		{B28878A8-D222-4EC8-8569-280F715FBC1E}.Debug|Win32.ActiveCfg = Debug|Win32
		{B28878A8-D222-4EC8-8569-280F715FBC1E}.Debug|Win32.Build.0 = Debug|Win32
		{B28878A8-D222-4EC8-8569-280F715FBC1E}.Debug|x64.ActiveCfg = Debug|x64
		{B28878A8-D222-4EC8-8569-280F715FBC1E}.Debug|x64.Build.0 = Debug|x64
		{B28878A8-D222-4EC8-8569-280F715FBC1E}.Release|Win32.ActiveCfg = Release|Win32
		{B28878A8-D222-4EC8-8569-280F715FBC1E}.Release|Win32.Build.0 = Release|Win32
		{B28878A8-D222-4EC8-8569-280F715FBC1E}.Release|x64.ActiveCfg = Release|x64
		{B28878A8-D222-4EC8-8569-280F715FBC1E}.Release|x64.Build.0 = Release|x64
		{83593CDC-3B45-4B95-9EA5-ED5E2F30F2CB}.Debug|Win32.ActiveCfg = Debug|Win32
		{83593CDC-3B45-4B95-9EA5-ED5E2F30F2CB}.Debug|Win32.Build.0 = Debug|Win32
		{83593CDC-3B45-4B95-9EA5-ED5E2F30F2CB}.Debug|x64.ActiveCfg = Debug|x64
		{83593CDC-3B45-4B95-9EA5-ED5E2F30F2CB}.Debug|x64.Build.0 = Debug|x64
		{83593CDC-3B45-4B95-9EA5-ED5E2F30F2CB}.Release|Win32.ActiveCfg = Release|Win32
		{83593CDC-3B45-4B95-9EA5-ED5E2F30F2CB}.Release|Win32.Build.0 = Release|Win32
		{83593CDC-3B45-4B95-9EA5-ED5E2F30F2CB}.Release|x64.ActiveCfg = Release|x64
		{83593CDC-3B45-4B95-9EA5-ED5E2F30F2CB}.Release|x64.Build.0 = Release|x64
		{1CD7E32A-18B0-42B4-A6E5-3CBB36C4AB2A}.Debug|Win32.ActiveCfg = Debug|Win32
		{1CD7E32A-18B0-42B4-A6E5-3CBB36C4AB2A}.Debug|Win32.Build.0 = Debug|Win32
		{1CD7E32A-18B0-42B4-A6E5-3CBB36C4AB2A}.Debug|x64.ActiveCfg = Debug|x64
		{1CD7E32A-18B0-42B4-A6E5-3CBB36C4AB2A}.Debug|x64.Build.0 = Debug|x64
		{1CD7E32A-18B0-42B4-A6E5-3CBB36C4AB2A}.Release|Win32.ActiveCfg = Release|Win32
		{1CD7E32A-18B0-42B4-A6E5-3CBB36C4AB2A}.Release|Win32.Build.0 = Release|Win32
		{1CD7E32A-18B0-42B4-A6E5-3CBB36C4AB2A}.Release|x64.ActiveCfg = Release|x64
		{1CD7E32A-18B0-42B4-A6E5-3CBB36C4AB2A}.Release|x64.Build.0 = Release|x64
		{434EE428-0BB5-4934-AA88-4EA32AE90E17}.Debug|Win32.ActiveCfg = Debug|Win32
		{434EE428-0BB5-4934-AA88-4EA32AE90E17}.Debug|Win32.Build.0 = Debug|Win32
		{434EE428-0BB5-4934-AA88-4EA32AE90E17}.Debug|x64.ActiveCfg = Debug|x64
		{434EE428-0BB5-4934-AA88-4EA32AE90E17}.Debug|x64.Build.0 = Debug|x64
		{434EE428-0BB5-4934-AA88-4EA32AE90E17}.Release|Win32.ActiveCfg = Release|Win32
		{434EE428-0BB5-4934-AA88-4EA32AE90E17}.Release|Win32.Build.0 = Release|Win32
		{434EE428-0BB5-4934-AA88-4EA32AE90E17}.Release|x64.ActiveCfg = Release|x64
		{434EE428-0BB5-4934-AA88-4EA32AE90E17}.Release|x64.Build.0 = Release|x64
		{029D1DD9-3B52-42F4-B431-C41082217DA6}.Debug|Win32.ActiveCfg = Debug|Win32
		{029D1DD9-3B52-42F4-B431-C41082217DA6}.Debug|Win32.Build.0 = Debug|Win32
		{029D1DD9-3B52-42F4-B431-C41082217DA6}.Debug|x64.ActiveCfg = Debug|x64
		{029D1DD9-3B52-42F4-B431-C41082217DA6}.Debug|x64.Build.0 = Debug|x64
		{029D1DD9-3B52-42F4-B431-C41082217DA6}.Release|Win32.ActiveCfg = Release|Win32
		{029D1DD9-3B52-42F4-B431-C41082217DA6}.Release|Win32.Build.0 = Release|Win32
		{029D1DD9-3B52-42F4-B431-C41082217DA6}.Release|x64.ActiveCfg = Release|x64
		{029D1DD9-3B52-42F4-B431-C41082217DA6}.Release|x64.Build.0 = Release|x64
		{90D4D383-61BE-4AA5-9BDB-691647AE9746}.Debug|Win32.ActiveCfg = Debug|Win32
		{90D4D383-61BE-4AA5-9BDB-691647AE9746}.Debug|Win32.Build.0 = Debug|Win32
		{90D4D383-61BE-4AA5-9BDB-691647AE9746}.Debug|x64.ActiveCfg = Debug|x64
		{90D4D383-61BE-4AA5-9BDB-691647AE9746}.Debug|x64.Build.0 = Debug|x64
		{90D4D383-61BE-4AA5-9BDB-691647AE9746}.Release|Win32.ActiveCfg = Release|Win32
		{90D4D383-61BE-4AA5-9BDB-691647AE9746}.Release|Win32.Build.0 = Release|Win32
		{90D4D383-61BE-4AA5-9BDB-691647AE9746}.Release|x64.ActiveCfg = Release|x64
		{90D4D383-61BE-4AA5-9BDB-691647AE9746}.Release|x64.Build.0 = Release|x64
		{87FDE0F6-1F2F-4301-A31B-D1B8CBEFE90B}.Debug|Win32.ActiveCfg = Debug|Win32
		{87FDE0F6-1F2F-4301-A31B-D1B8CBEFE90B}.Debug|Win32.Build.0 = Debug|Win32
		{87FDE0F6-1F2F-4301-A31B-D1B8CBEFE90B}.Debug|x64.ActiveCfg = Debug|x64
		{87FDE0F6-1F2F-4301-A31B-D1B8CBEFE90B}.Debug|x64.Build.0 = Debug|x64
		{87FDE0F6-1F2F-4301-A31B-D1B8CBEFE90B}.Release|Win32.ActiveCfg = Release|Win32
		{87FDE0F6-1F2F-4301-A31B-D1B8CBEFE90B}.Release|Win32.Build.0 = Release|Win32
		{87FDE0F6-1F2F-4301-A31B-D1B8CBEFE90B}.Release|x64.ActiveCfg = Release|x64
		{87FDE0F6-1F2F-4301-A31B-D1B8CBEFE90B}.Release|x64.Build.0 = Release|x64
		{5E6008CA-6AF2-485E-8610-27DB2E6DAD9C}.Debug|Win32.ActiveCfg = Debug|Win32
		{5E6008CA-6AF2-485E-8610-27DB2E6DAD9C}.Debug|Win32.Build.0 = Debug|Win32
		{5E6008CA-6AF2-485E-8610-27DB2E6DAD9C}.Debug|x64.ActiveCfg = Debug|x64
		{5E6008CA-6AF2-485E-8610-27DB2E6DAD9C}.Debug|x64.Build.0 = Debug|x64
		{5E6008CA-6AF2-485E-8610-27DB2E6DAD9C}.Release|Win32.ActiveCfg = Release|Win32
		{5E6008CA-6AF2-485E-8610-27DB2E6DAD9C}.Release|Win32.Build.0 = Release|Win32
		{5E6008CA-6AF2-485E-8610-27DB2E6DAD9C}.Release|x64.ActiveCfg = Release|x64
		{5E6008CA-6AF2-485E-8610-27DB2E6DAD9C}.Release|x64.Build.0 = Release|x64
		{1204D7DC-7E0B-4710-87D7-5BBC67FAAC63}.Debug|Win32.ActiveCfg = Debug|Win32
		{1204D7DC-7E0B-4710-87D7-5BBC67FAAC63}.Debug|Win32.Build.0 = Debug|Win32
		{1204D7DC-7E0B-4710-87D7-5BBC67FAAC63}.Debug|x64.ActiveCfg = Debug|x64
		{1204D7DC-7E0B-4710-87D7-5BBC67FAAC63}.Debug|x64.Build.0 = Debug|x64
		{1204D7DC-7E0B-4710-87D7-5BBC67FAAC63}.Release|Win32.ActiveCfg = Release|Win32
		{1204D7DC-7E0B-4710-87D7-5BBC67FAAC63}.Release|Win32.Build.0 = Release|Win32
		{1204D7DC-7E0B-4710-87D7-5BBC67FAAC63}.Release|x64.ActiveCfg = Release|x64
		{1204D7DC-7E0B-4710-87D7-5BBC67FAAC63}.Release|x64.Build.0 = Release|x64
		{005C68A6-81F6-4349-9E29-6FA2BC09A5A8}.Debug|Win32.ActiveCfg = Debug|Win32
		{005C68A6-81F6-4349-9E29-6FA2BC09A5A8}.Debug|Win32.Build.0 = Debug|Win32
		{005C68A6-81F6-4349-9E29-6FA2BC09A5A8}.Debug|x64.ActiveCfg = Debug|x64
		{005C68A6-81F6-4349-9E29-6FA2BC09A5A8}.Debug|x64.Build.0 = Debug|x64
		{005C68A6-81F6-4349-9E29-6FA2BC09A5A8}.Release|Win32.ActiveCfg = Release|Win32
		{005C68A6-81F6-4349-9E29-6FA2BC09A5A8}.Release|Win32.Build.0 = Release|Win32
		{005C68A6-81F6-4349-9E29-6FA2BC09A5A8}.Release|x64.ActiveCfg = Release|x64
		{005C68A6-81F6-4349-9E29-6FA2BC09A5A8}.Release|x64.Build.0 = Release|x64
		{F111EDF9-E921-44DE-BF02-8AC246F80405}.Debug|Win32.ActiveCfg = Debug|Win32
		{F111EDF9-E921-44DE-BF02-8AC246F80405}.Debug|Win32.Build.0 = Debug|Win32
		{F111EDF9-E921-44DE-BF02-8AC246F80405}.Debug|x64.ActiveCfg = Debug|x64
		{F111EDF9-E921-44DE-BF02-8AC246F80405}.Debug|x64.Build.0 = Debug|x64
		{F111EDF9-E921-44DE-BF02-8AC246F80405}.Release|Win32.ActiveCfg = Release|Win32
		{F111EDF9-E921-44DE-BF02-8AC246F80405}.Release|Win32.Build.0 = Release|Win32
		{F111EDF9-E921-44DE-BF02-8AC246F80405}.Release|x64.ActiveCfg = Release|x64
		{F111EDF9-E921-44DE-BF02-8AC246F80405}.Release|x64.Build.0 = Release|x64
		{016D3EB9-11A4-494E-96EC-D9DD0146E8C3}.Debug|Win32.ActiveCfg = Debug|Win32
		{016D3EB9-11A4-494E-96EC-D9DD0146E8C3}.Debug|Win32.Build.0 = Debug|Win32
		{016D3EB9-11A4-494E-96EC-D9DD0146E8C3}.Debug|x64.ActiveCfg = Debug|x64
		{016D3EB9-11A4-494E-96EC-D9DD0146E8C3}.Debug|x64.Build.0 = Debug|x64
		{016D3EB9-11A4-494E-96EC-D9DD0146E8C3}.Release|Win32.ActiveCfg = Release|Win32
		{016D3EB9-11A4-494E-96EC-D9DD0146E8C3}.Release|Win32.Build.0 = Release|Win32
		{016D3EB9-11A4-494E-96EC-D9DD0146E8C3}.Release|x64.ActiveCfg = Release|x64
		{016D3EB9-11A4-494E-96EC-D9DD0146E8C3}.Release|x64.Build.0 = Release|x64
	EndGlobalSection
	GlobalSection(SolutionProperties) = preSolution
		HideSolutionNode = FALSE
	EndGlobalSection
	GlobalSection(NestedProjects) = preSolution
		{6DBB1FAD-68E0-4640-8FB4-72CEBB1042BD} = {9FD67E2B-F200-4EEC-B11E-5304344442E8}
		{770D184C-33A6-4AA0-8035-48A6A8A3D0B4} = {9FD67E2B-F200-4EEC-B11E-5304344442E8}
		{72523016-2703-4691-B290-CF661592BEE1} = {E9C72F5E-BD3E-42E4-995D-563F6EB81B70}
		{9E83FA75-20C0-4FAE-9DD2-E5557568AF70} = {E9C72F5E-BD3E-42E4-995D-563F6EB81B70}
		{6FFDF2FC-FA3C-431C-82EF-148C819F003C} = {E9C72F5E-BD3E-42E4-995D-563F6EB81B70}
		{C271CF16-B5EE-4AB2-BDBB-34229F49AC36} = {E9C72F5E-BD3E-42E4-995D-563F6EB81B70}
		{C0F6AF4D-2772-4167-8C29-24F95A08F2F0} = {E9C72F5E-BD3E-42E4-995D-563F6EB81B70}
		{F052BCC5-4EAD-438A-8CFD-911431AD8D74} = {E9C72F5E-BD3E-42E4-995D-563F6EB81B70}
		{3ABF8E40-07B3-4303-A8BD-17CCAC414B7C} = {E9C72F5E-BD3E-42E4-995D-563F6EB81B70}
		{F111EDF9-E921-44DE-BF02-8AC246F80405} = {E9C72F5E-BD3E-42E4-995D-563F6EB81B70}
		{016D3EB9-11A4-494E-96EC-D9DD0146E8C3} = {E9C72F5E-BD3E-42E4-995D-563F6EB81B70}
		{C0B4A6C7-D640-4482-A9D6-ECF99615CA9C} = {E668CA8E-684F-4267-A89C-609AF907E59A}
		{DE2BAE83-8869-4805-8935-32B6D8F83306} = {E668CA8E-684F-4267-A89C-609AF907E59A}
		{E62A41AA-E309-48F7-B00F-352938BBA1A2} = {E668CA8E-684F-4267-A89C-609AF907E59A}
		{BAFC376C-4A48-44DA-94F2-61F412DA720C} = {E668CA8E-684F-4267-A89C-609AF907E59A}
		{0753B2CA-1CBA-468A-8861-1AFA19E2BD3F} = {E668CA8E-684F-4267-A89C-609AF907E59A}
		{FC404326-1C04-417B-AA46-017E05681CE8} = {E668CA8E-684F-4267-A89C-609AF907E59A}
		{75CC4E7B-7364-4214-82C9-E716A02331B4} = {E668CA8E-684F-4267-A89C-609AF907E59A}
		{7A2A6D8E-272F-4F70-B243-32220578B69E} = {E668CA8E-684F-4267-A89C-609AF907E59A}
		{8AB7DF01-EA65-457C-A753-9EACB3390F65} = {E668CA8E-684F-4267-A89C-609AF907E59A}
		{28B85D98-198B-460B-8824-058300F59030} = {565BB92A-07BC-4F7A-9C19-1D655306C64A}
		{B28878A8-D222-4EC8-8569-280F715FBC1E} = {565BB92A-07BC-4F7A-9C19-1D655306C64A}
		{83593CDC-3B45-4B95-9EA5-ED5E2F30F2CB} = {565BB92A-07BC-4F7A-9C19-1D655306C64A}
		{1CD7E32A-18B0-42B4-A6E5-3CBB36C4AB2A} = {565BB92A-07BC-4F7A-9C19-1D655306C64A}
		{434EE428-0BB5-4934-AA88-4EA32AE90E17} = {565BB92A-07BC-4F7A-9C19-1D655306C64A}
		{029D1DD9-3B52-42F4-B431-C41082217DA6} = {565BB92A-07BC-4F7A-9C19-1D655306C64A}
		{90D4D383-61BE-4AA5-9BDB-691647AE9746} = {565BB92A-07BC-4F7A-9C19-1D655306C64A}
		{87FDE0F6-1F2F-4301-A31B-D1B8CBEFE90B} = {565BB92A-07BC-4F7A-9C19-1D655306C64A}
		{5E6008CA-6AF2-485E-8610-27DB2E6DAD9C} = {565BB92A-07BC-4F7A-9C19-1D655306C64A}
		{1204D7DC-7E0B-4710-87D7-5BBC67FAAC63} = {6F438C05-263A-4AD8-AC7F-8A8C7DDEBCCA}
		{005C68A6-81F6-4349-9E29-6FA2BC09A5A8} = {6F438C05-263A-4AD8-AC7F-8A8C7DDEBCCA}
	EndGlobalSection
EndGlobal
