Microsoft Visual Studio Solution File, Format Version 11.00
# Visual Studio 2010
Project("{2150E333-8FDC-42A3-9474-1A3956D46DE8}") = "Benchmarks", "Benchmarks", "{6F64201D-C110-45CA-88BA-0423F8FFBD4C}"
	ProjectSection(ProjectDependencies) = postProject
		{1204D7DC-7E0B-4710-87D7-5BBC67FAAC63} = {1204D7DC-7E0B-4710-87D7-5BBC67FAAC63}
	EndProjectSection
EndProject
Project("{8BC9CEB8-8B4A-11D0-8D11-00A0C91BC942}") = "GLIFR_PerfHwEnc", "Benchmark\GLIFRPerfHwEnc\GLIFR_PerfHwEnc_2010.vcxproj", "{8B076FC7-BFDD-4121-90ED-1531CAFBB09A}"
	ProjectSection(ProjectDependencies) = postProject
		{1204D7DC-7E0B-4710-87D7-5BBC67FAAC63} = {1204D7DC-7E0B-4710-87D7-5BBC67FAAC63}
	EndProjectSection
EndProject
Project("{8BC9CEB8-8B4A-11D0-8D11-00A0C91BC942}") = "PerfNVHWENC", "Benchmark\PerfNVHWENC\PerfNVHWENC_2010.vcxproj", "{1A971F69-0AB2-4D81-B3C8-75BBE0C4DC46}"
	ProjectSection(ProjectDependencies) = postProject
		{1204D7DC-7E0B-4710-87D7-5BBC67FAAC63} = {1204D7DC-7E0B-4710-87D7-5BBC67FAAC63}
	EndProjectSection
EndProject
Project("{2150E333-8FDC-42A3-9474-1A3956D46DE8}") = "NvFBC", "NvFBC", "{BF8C9233-E545-450A-8605-0D0DB10DE0AC}"
	ProjectSection(ProjectDependencies) = postProject
		{1204D7DC-7E0B-4710-87D7-5BBC67FAAC63} = {1204D7DC-7E0B-4710-87D7-5BBC67FAAC63}
	EndProjectSection
EndProject
Project("{8BC9CEB8-8B4A-11D0-8D11-00A0C91BC942}") = "NvFBCHWEncode", "NvFBC\NvFBCHWEncode\NvFBCHWEncode_2010.vcxproj", "{BC0313B9-56E6-476F-9125-548901DF3B8B}"
	ProjectSection(ProjectDependencies) = postProject
		{1204D7DC-7E0B-4710-87D7-5BBC67FAAC63} = {1204D7DC-7E0B-4710-87D7-5BBC67FAAC63}
	EndProjectSection
EndProject
Project("{8BC9CEB8-8B4A-11D0-8D11-00A0C91BC942}") = "NvFBCCudaNvEnc", "NvFBC\NvFBCCudaNvENc\NvFBCCudaNvEnc_2010.vcxproj", "{9E83FA75-20C0-4FAE-9DD2-E5557568AF70}"
	ProjectSection(ProjectDependencies) = postProject
		{1204D7DC-7E0B-4710-87D7-5BBC67FAAC63} = {1204D7DC-7E0B-4710-87D7-5BBC67FAAC63}
	EndProjectSection
EndProject
Project("{8BC9CEB8-8B4A-11D0-8D11-00A0C91BC942}") = "NvFBCDX9NvEnc", "NvFBC\NvFBCDX9NvENc\NvFBCDX9NvEnc_2010.vcxproj", "{A4337819-A6D0-460C-B038-06CC64E93CEF}"
	ProjectSection(ProjectDependencies) = postProject
		{1204D7DC-7E0B-4710-87D7-5BBC67FAAC63} = {1204D7DC-7E0B-4710-87D7-5BBC67FAAC63}
	EndProjectSection
EndProject
Project("{8BC9CEB8-8B4A-11D0-8D11-00A0C91BC942}") = "NvFBCCudaSimple", "NvFBC\NvFBCCudaSimple\NvFBCCudaSimple_2010.vcxproj", "{231EF90D-0255-4AF7-B4BE-B21EF4AFEA97}"
	ProjectSection(ProjectDependencies) = postProject
		{1204D7DC-7E0B-4710-87D7-5BBC67FAAC63} = {1204D7DC-7E0B-4710-87D7-5BBC67FAAC63}
	EndProjectSection
EndProject
Project("{8BC9CEB8-8B4A-11D0-8D11-00A0C91BC942}") = "NvFBCToSys", "NvFBC\NvFBCToSys\NvFBCToSys_2010.vcxproj", "{C271CF16-B5EE-4AB2-BDBB-34229F49AC36}"
	ProjectSection(ProjectDependencies) = postProject
		{1204D7DC-7E0B-4710-87D7-5BBC67FAAC63} = {1204D7DC-7E0B-4710-87D7-5BBC67FAAC63}
	EndProjectSection
EndProject
Project("{8BC9CEB8-8B4A-11D0-8D11-00A0C91BC942}") = "NvFBCCursorCapture", "NvFBC\NVFBCCursorCapture\NvFBCCursorCapture_2010.vcxproj", "{B3A329B5-2C8D-4226-AADC-6046A101A27C}"
	ProjectSection(ProjectDependencies) = postProject
		{1204D7DC-7E0B-4710-87D7-5BBC67FAAC63} = {1204D7DC-7E0B-4710-87D7-5BBC67FAAC63}
	EndProjectSection
EndProject
Project("{8BC9CEB8-8B4A-11D0-8D11-00A0C91BC942}") = "NvFBCEnableAPI", "NvFBC\NvFBCEnableAPI\NvFBCEnableAPI_2010.vcxproj", "{3ABF8E40-07B3-4303-A8BD-17CCAC414B7C}"
EndProject
Project("{2150E333-8FDC-42A3-9474-1A3956D46DE8}") = "NvIFR_DirectX", "NvIFR_DirectX", "{4523E4EB-AFBB-47D6-8AFD-F750C1135341}"
EndProject
Project("{2150E333-8FDC-42A3-9474-1A3956D46DE8}") = "NvIFR_OpenGL", "NvIFR_OpenGL", "{19F1C892-F2F6-4FAF-AADD-8DC1D6025F3B}"
EndProject
Project("{2150E333-8FDC-42A3-9474-1A3956D46DE8}") = "Utilities", "Utilities", "{AE193DBC-D356-4706-B85B-61F8CC98F796}"
EndProject
Project("{8BC9CEB8-8B4A-11D0-8D11-00A0C91BC942}") = "MultiHead", "NvFBC\MultiHead\MultiHead_2010.vcxproj", "{398F71E3-53DA-431F-AFAE-AAE4F53F4314}"
EndProject
Project("{8BC9CEB8-8B4A-11D0-8D11-00A0C91BC942}") = "DX9IFR_SimpleSample", "DirectxIFR\DX9IFRSimpleSample\DX9IFR_SimpleSample_2010.vcxproj", "{C0B4A6C7-D640-4482-A9D6-ECF99615CA9C}"
EndProject
Project("{8BC9CEB8-8B4A-11D0-8D11-00A0C91BC942}") = "DX10IFR_SimpleSample", "DirectxIFR\DX10IFRSimpleSample\DX10IFR_SimpleSample_2010.vcxproj", "{75CC4E7B-7364-4214-82C9-E716A02331B4}"
EndProject
Project("{8BC9CEB8-8B4A-11D0-8D11-00A0C91BC942}") = "DX11IFR_SimpleSample", "DirectxIFR\DX11IFRSimpleSample\DX11IFR_SimpleSample_2010.vcxproj", "{B2A1106A-FD60-4CB0-8213-3613DC9E00B1}"
EndProject
Project("{8BC9CEB8-8B4A-11D0-8D11-00A0C91BC942}") = "DX9IFR_AsyncHWEncode", "DirectxIFR\DX9IFRAsyncHWEncode\DX9IFR_AsyncHWEncode_2010.vcxproj", "{582AB7ED-CF2B-4BE9-A51B-DABBC174CD77}"
EndProject
Project("{8BC9CEB8-8B4A-11D0-8D11-00A0C91BC942}") = "DX9IFR_SharedSurfaceHWEncode", "DirectxIFR\DX9IFRSharedSurfaceHWEncode\DX9IFR_SharedSurfaceHWEncode_2010.vcxproj", "{87ACBF0E-DCDE-4F19-AD3B-C92F53C49C4F}"
EndProject
Project("{8BC9CEB8-8B4A-11D0-8D11-00A0C91BC942}") = "DX9IFR_SimpleHWEncode", "DirectxIFR\DX9IFRSimpleHWEncode\DX9IFR_SimpleHWEncode_2010.vcxproj", "{AB4EDF66-C873-4740-8897-63CF58EBB9F9}"
EndProject
Project("{8BC9CEB8-8B4A-11D0-8D11-00A0C91BC942}") = "DX9IFRHWEncodeMultiGPUStress", "DirectxIFR\DX9IFRHWEncodeMultiGPUStress\DX9IFRHWEncodeMultiGPUStress_2010.vcxproj", "{E12C7494-DAA1-4D5A-A448-C3A8D697B53B}"
EndProject
Project("{8BC9CEB8-8B4A-11D0-8D11-00A0C91BC942}") = "DX10IFR_AsyncHWEncode", "DirectxIFR\DX10IFRAsyncHWEncode\DX10IFR_AsyncHWEncode_2010.vcxproj", "{E937A998-0CFA-4ED0-A889-A663BC65BFFC}"
EndProject
Project("{8BC9CEB8-8B4A-11D0-8D11-00A0C91BC942}") = "DX11IFR_AsyncHWEncode", "DirectxIFR\DX11IFRAsyncHWEncode\DX11IFR_AsyncHWEncode_2010.vcxproj", "{42FB19C6-7384-4327-BDD3-7BB25947BEDA}"
EndProject
Project("{8BC9CEB8-8B4A-11D0-8D11-00A0C91BC942}") = "GLIFR_Async", "OGLIFR\GLIFRAsync\GLIFR_Async_2010.vcxproj", "{90D4D383-61BE-4AA5-9BDB-691647AE9746}"
EndProject
Project("{8BC9CEB8-8B4A-11D0-8D11-00A0C91BC942}") = "GLIFR_MultiHwEnc", "OGLIFR\GLIFRMultiHwEnc\GLIFR_MultiHwEnc_2010.vcxproj", "{2BF38BF4-D02B-4AF9-AD5E-58D77E740460}"
EndProject
Project("{8BC9CEB8-8B4A-11D0-8D11-00A0C91BC942}") = "GLIFR_PbufferHwEnc", "OGLIFR\GLIFRPbufferHwEnc\GLIFR_PbufferHwEnc_2010.vcxproj", "{434EE428-0BB5-4934-AA88-4EA32AE90E17}"
EndProject
Project("{8BC9CEB8-8B4A-11D0-8D11-00A0C91BC942}") = "GLIFR_SimpleHwEnc", "OGLIFR\GLIFRSimpleHwEnc\GLIFR_SimpleHwEnc_2010.vcxproj", "{58A3110E-90FD-4C58-A394-2E03446A2A73}"
EndProject
Project("{8BC9CEB8-8B4A-11D0-8D11-00A0C91BC942}") = "GLIFR_SimplePBuffer", "OGLIFR\GLIFRSimplePbuffer\GLIFR_SimplePBuffer_2010.vcxproj", "{83593CDC-3B45-4B95-9EA5-ED5E2F30F2CB}"
EndProject
Project("{8BC9CEB8-8B4A-11D0-8D11-00A0C91BC942}") = "GLIFR_SimpleSample", "OGLIFR\GLIFRSimpleSample\GLIFR_SimpleSample_2010.vcxproj", "{1357AAEF-ECC7-4307-80FA-86BA5DC7CE24}"
EndProject
Project("{8BC9CEB8-8B4A-11D0-8D11-00A0C91BC942}") = "GLIFR_ThreadedHwEnc", "OGLIFR\GLIFRThreadedHwEnc\GLIFR_ThreadedHwEnc_2010.vcxproj", "{B28878A8-D222-4EC8-8569-280F715FBC1E}"
EndProject
Project("{8BC9CEB8-8B4A-11D0-8D11-00A0C91BC942}") = "GLIFR_NVENCDynRes", "OGLIFR\GLIFRNVENCDynRes\GLIFR_NVENCDynRes_2010.vcxproj", "{AD56F71B-4B3F-4AEC-8B20-05BDC8FDAE7F}"
EndProject
Project("{8BC9CEB8-8B4A-11D0-8D11-00A0C91BC942}") = "Util", "Util\Util_2010.vcxproj", "{1204D7DC-7E0B-4710-87D7-5BBC67FAAC63}"
EndProject
	ProjectSection(ProjectDependencies) = postProject
		{1204D7DC-7E0B-4710-87D7-5BBC67FAAC63} = {1204D7DC-7E0B-4710-87D7-5BBC67FAAC63}
	EndProjectSection
Project("{8BC9CEB8-8B4A-11D0-8D11-00A0C91BC942}") = "NvFBCDX9DiffMap", "NvFBC\NvFBCDX9DiffMap\NvFBCDX9DiffMap_2010.vcxproj", "{453F45FB-8A0A-4B93-9482-ED4E6A0ABFAA}"
	ProjectSection(ProjectDependencies) = postProject
		{1204D7DC-7E0B-4710-87D7-5BBC67FAAC63} = {1204D7DC-7E0B-4710-87D7-5BBC67FAAC63}
	EndProjectSection
EndProject
Project("{8BC9CEB8-8B4A-11D0-8D11-00A0C91BC942}") = "NvFBCDX9NvEncSharedSurface", "NvFBC\NvFBCDX9NvEncSharedSurface\NvFBCDX9NvEncSharedSurface_2010.vcxproj", "{B9768B57-9ED4-4ADB-9A20-CF502C54D709}"
EndProject
Global
	GlobalSection(SolutionConfigurationPlatforms) = preSolution
		Debug|Win32 = Debug|Win32
		Debug|x64 = Debug|x64
		Release|Win32 = Release|Win32
		Release|x64 = Release|x64
	EndGlobalSection
	GlobalSection(ProjectConfigurationPlatforms) = postSolution
		{8B076FC7-BFDD-4121-90ED-1531CAFBB09A}.Debug|Win32.ActiveCfg = Debug|Win32
		{8B076FC7-BFDD-4121-90ED-1531CAFBB09A}.Debug|Win32.Build.0 = Debug|Win32
		{8B076FC7-BFDD-4121-90ED-1531CAFBB09A}.Debug|x64.ActiveCfg = Debug|x64
		{8B076FC7-BFDD-4121-90ED-1531CAFBB09A}.Debug|x64.Build.0 = Debug|x64
		{8B076FC7-BFDD-4121-90ED-1531CAFBB09A}.Release|Win32.ActiveCfg = Release|Win32
		{8B076FC7-BFDD-4121-90ED-1531CAFBB09A}.Release|Win32.Build.0 = Release|Win32
		{8B076FC7-BFDD-4121-90ED-1531CAFBB09A}.Release|x64.ActiveCfg = Release|x64
		{8B076FC7-BFDD-4121-90ED-1531CAFBB09A}.Release|x64.Build.0 = Release|x64
		{1A971F69-0AB2-4D81-B3C8-75BBE0C4DC46}.Debug|Win32.ActiveCfg = Debug|Win32
		{1A971F69-0AB2-4D81-B3C8-75BBE0C4DC46}.Debug|Win32.Build.0 = Debug|Win32
		{1A971F69-0AB2-4D81-B3C8-75BBE0C4DC46}.Debug|x64.ActiveCfg = Debug|x64
		{1A971F69-0AB2-4D81-B3C8-75BBE0C4DC46}.Debug|x64.Build.0 = Debug|x64
		{1A971F69-0AB2-4D81-B3C8-75BBE0C4DC46}.Release|Win32.ActiveCfg = Release|Win32
		{1A971F69-0AB2-4D81-B3C8-75BBE0C4DC46}.Release|Win32.Build.0 = Release|Win32
		{1A971F69-0AB2-4D81-B3C8-75BBE0C4DC46}.Release|x64.ActiveCfg = Release|x64
		{1A971F69-0AB2-4D81-B3C8-75BBE0C4DC46}.Release|x64.Build.0 = Release|x64
		{BC0313B9-56E6-476F-9125-548901DF3B8B}.Debug|Win32.ActiveCfg = Debug|Win32
		{BC0313B9-56E6-476F-9125-548901DF3B8B}.Debug|Win32.Build.0 = Debug|Win32
		{BC0313B9-56E6-476F-9125-548901DF3B8B}.Debug|x64.ActiveCfg = Debug|x64
		{BC0313B9-56E6-476F-9125-548901DF3B8B}.Debug|x64.Build.0 = Debug|x64
		{BC0313B9-56E6-476F-9125-548901DF3B8B}.Release|Win32.ActiveCfg = Release|Win32
		{BC0313B9-56E6-476F-9125-548901DF3B8B}.Release|Win32.Build.0 = Release|Win32
		{BC0313B9-56E6-476F-9125-548901DF3B8B}.Release|x64.ActiveCfg = Release|x64
		{BC0313B9-56E6-476F-9125-548901DF3B8B}.Release|x64.Build.0 = Release|x64
		{9E83FA75-20C0-4FAE-9DD2-E5557568AF70}.Debug|Win32.ActiveCfg = Debug|Win32
		{9E83FA75-20C0-4FAE-9DD2-E5557568AF70}.Debug|Win32.Build.0 = Debug|Win32
		{9E83FA75-20C0-4FAE-9DD2-E5557568AF70}.Debug|x64.ActiveCfg = Debug|x64
		{9E83FA75-20C0-4FAE-9DD2-E5557568AF70}.Debug|x64.Build.0 = Debug|x64
		{9E83FA75-20C0-4FAE-9DD2-E5557568AF70}.Release|Win32.ActiveCfg = Release|Win32
		{9E83FA75-20C0-4FAE-9DD2-E5557568AF70}.Release|Win32.Build.0 = Release|Win32
		{9E83FA75-20C0-4FAE-9DD2-E5557568AF70}.Release|x64.ActiveCfg = Release|x64
		{9E83FA75-20C0-4FAE-9DD2-E5557568AF70}.Release|x64.Build.0 = Release|x64
		{A4337819-A6D0-460C-B038-06CC64E93CEF}.Debug|Win32.ActiveCfg = Debug|Win32
		{A4337819-A6D0-460C-B038-06CC64E93CEF}.Debug|Win32.Build.0 = Debug|Win32
		{A4337819-A6D0-460C-B038-06CC64E93CEF}.Debug|x64.ActiveCfg = Debug|x64
		{A4337819-A6D0-460C-B038-06CC64E93CEF}.Debug|x64.Build.0 = Debug|x64
		{A4337819-A6D0-460C-B038-06CC64E93CEF}.Release|Win32.ActiveCfg = Release|Win32
		{A4337819-A6D0-460C-B038-06CC64E93CEF}.Release|Win32.Build.0 = Release|Win32
		{A4337819-A6D0-460C-B038-06CC64E93CEF}.Release|x64.ActiveCfg = Release|x64
		{A4337819-A6D0-460C-B038-06CC64E93CEF}.Release|x64.Build.0 = Release|x64
		{231EF90D-0255-4AF7-B4BE-B21EF4AFEA97}.Debug|Win32.ActiveCfg = Debug|Win32
		{231EF90D-0255-4AF7-B4BE-B21EF4AFEA97}.Debug|Win32.Build.0 = Debug|Win32
		{231EF90D-0255-4AF7-B4BE-B21EF4AFEA97}.Debug|x64.ActiveCfg = Debug|x64
		{231EF90D-0255-4AF7-B4BE-B21EF4AFEA97}.Debug|x64.Build.0 = Debug|x64
		{231EF90D-0255-4AF7-B4BE-B21EF4AFEA97}.Release|Win32.ActiveCfg = Release|Win32
		{231EF90D-0255-4AF7-B4BE-B21EF4AFEA97}.Release|Win32.Build.0 = Release|Win32
		{231EF90D-0255-4AF7-B4BE-B21EF4AFEA97}.Release|x64.ActiveCfg = Release|x64
		{231EF90D-0255-4AF7-B4BE-B21EF4AFEA97}.Release|x64.Build.0 = Release|x64
		{C271CF16-B5EE-4AB2-BDBB-34229F49AC36}.Debug|Win32.ActiveCfg = Debug|Win32
		{C271CF16-B5EE-4AB2-BDBB-34229F49AC36}.Debug|Win32.Build.0 = Debug|Win32
		{C271CF16-B5EE-4AB2-BDBB-34229F49AC36}.Debug|x64.ActiveCfg = Debug|x64
		{C271CF16-B5EE-4AB2-BDBB-34229F49AC36}.Debug|x64.Build.0 = Debug|x64
		{C271CF16-B5EE-4AB2-BDBB-34229F49AC36}.Release|Win32.ActiveCfg = Release|Win32
		{C271CF16-B5EE-4AB2-BDBB-34229F49AC36}.Release|Win32.Build.0 = Release|Win32
		{C271CF16-B5EE-4AB2-BDBB-34229F49AC36}.Release|x64.ActiveCfg = Release|x64
		{C271CF16-B5EE-4AB2-BDBB-34229F49AC36}.Release|x64.Build.0 = Release|x64
		{B3A329B5-2C8D-4226-AADC-6046A101A27C}.Debug|Win32.ActiveCfg = Debug|Win32
		{B3A329B5-2C8D-4226-AADC-6046A101A27C}.Debug|Win32.Build.0 = Debug|Win32
		{B3A329B5-2C8D-4226-AADC-6046A101A27C}.Debug|x64.ActiveCfg = Debug|x64
		{B3A329B5-2C8D-4226-AADC-6046A101A27C}.Debug|x64.Build.0 = Debug|x64
		{B3A329B5-2C8D-4226-AADC-6046A101A27C}.Release|Win32.ActiveCfg = Release|Win32
		{B3A329B5-2C8D-4226-AADC-6046A101A27C}.Release|Win32.Build.0 = Release|Win32
		{B3A329B5-2C8D-4226-AADC-6046A101A27C}.Release|x64.ActiveCfg = Release|x64
		{B3A329B5-2C8D-4226-AADC-6046A101A27C}.Release|x64.Build.0 = Release|x64
		{3ABF8E40-07B3-4303-A8BD-17CCAC414B7C}.Debug|Win32.ActiveCfg = Debug|Win32
		{3ABF8E40-07B3-4303-A8BD-17CCAC414B7C}.Debug|Win32.Build.0 = Debug|Win32
		{3ABF8E40-07B3-4303-A8BD-17CCAC414B7C}.Debug|x64.ActiveCfg = Debug|x64
		{3ABF8E40-07B3-4303-A8BD-17CCAC414B7C}.Debug|x64.Build.0 = Debug|x64
		{3ABF8E40-07B3-4303-A8BD-17CCAC414B7C}.Release|Win32.ActiveCfg = Release|Win32
		{3ABF8E40-07B3-4303-A8BD-17CCAC414B7C}.Release|Win32.Build.0 = Release|Win32
		{3ABF8E40-07B3-4303-A8BD-17CCAC414B7C}.Release|x64.ActiveCfg = Release|x64
		{3ABF8E40-07B3-4303-A8BD-17CCAC414B7C}.Release|x64.Build.0 = Release|x64
		{398F71E3-53DA-431F-AFAE-AAE4F53F4314}.Debug|Win32.ActiveCfg = Debug|Win32
		{398F71E3-53DA-431F-AFAE-AAE4F53F4314}.Debug|Win32.Build.0 = Debug|Win32
		{398F71E3-53DA-431F-AFAE-AAE4F53F4314}.Debug|x64.ActiveCfg = Debug|x64
		{398F71E3-53DA-431F-AFAE-AAE4F53F4314}.Debug|x64.Build.0 = Debug|x64
		{398F71E3-53DA-431F-AFAE-AAE4F53F4314}.Release|Win32.ActiveCfg = Release|Win32
		{398F71E3-53DA-431F-AFAE-AAE4F53F4314}.Release|Win32.Build.0 = Release|Win32
		{398F71E3-53DA-431F-AFAE-AAE4F53F4314}.Release|x64.ActiveCfg = Release|x64
		{398F71E3-53DA-431F-AFAE-AAE4F53F4314}.Release|x64.Build.0 = Release|x64
		{C0B4A6C7-D640-4482-A9D6-ECF99615CA9C}.Debug|Win32.ActiveCfg = Debug|Win32
		{C0B4A6C7-D640-4482-A9D6-ECF99615CA9C}.Debug|Win32.Build.0 = Debug|Win32
		{C0B4A6C7-D640-4482-A9D6-ECF99615CA9C}.Debug|x64.ActiveCfg = Debug|x64
		{C0B4A6C7-D640-4482-A9D6-ECF99615CA9C}.Debug|x64.Build.0 = Debug|x64
		{C0B4A6C7-D640-4482-A9D6-ECF99615CA9C}.Release|Win32.ActiveCfg = Release|Win32
		{C0B4A6C7-D640-4482-A9D6-ECF99615CA9C}.Release|Win32.Build.0 = Release|Win32
		{C0B4A6C7-D640-4482-A9D6-ECF99615CA9C}.Release|x64.ActiveCfg = Release|x64
		{C0B4A6C7-D640-4482-A9D6-ECF99615CA9C}.Release|x64.Build.0 = Release|x64
		{75CC4E7B-7364-4214-82C9-E716A02331B4}.Debug|Win32.ActiveCfg = Debug|Win32
		{75CC4E7B-7364-4214-82C9-E716A02331B4}.Debug|Win32.Build.0 = Debug|Win32
		{75CC4E7B-7364-4214-82C9-E716A02331B4}.Debug|x64.ActiveCfg = Debug|x64
		{75CC4E7B-7364-4214-82C9-E716A02331B4}.Debug|x64.Build.0 = Debug|x64
		{75CC4E7B-7364-4214-82C9-E716A02331B4}.Release|Win32.ActiveCfg = Release|Win32
		{75CC4E7B-7364-4214-82C9-E716A02331B4}.Release|Win32.Build.0 = Release|Win32
		{75CC4E7B-7364-4214-82C9-E716A02331B4}.Release|x64.ActiveCfg = Release|x64
		{75CC4E7B-7364-4214-82C9-E716A02331B4}.Release|x64.Build.0 = Release|x64
		{B2A1106A-FD60-4CB0-8213-3613DC9E00B1}.Debug|Win32.ActiveCfg = Debug|Win32
		{B2A1106A-FD60-4CB0-8213-3613DC9E00B1}.Debug|Win32.Build.0 = Debug|Win32
		{B2A1106A-FD60-4CB0-8213-3613DC9E00B1}.Debug|x64.ActiveCfg = Debug|x64
		{B2A1106A-FD60-4CB0-8213-3613DC9E00B1}.Debug|x64.Build.0 = Debug|x64
		{B2A1106A-FD60-4CB0-8213-3613DC9E00B1}.Release|Win32.ActiveCfg = Release|Win32
		{B2A1106A-FD60-4CB0-8213-3613DC9E00B1}.Release|Win32.Build.0 = Release|Win32
		{B2A1106A-FD60-4CB0-8213-3613DC9E00B1}.Release|x64.ActiveCfg = Release|x64
		{B2A1106A-FD60-4CB0-8213-3613DC9E00B1}.Release|x64.Build.0 = Release|x64
		{582AB7ED-CF2B-4BE9-A51B-DABBC174CD77}.Debug|Win32.ActiveCfg = Debug|Win32
		{582AB7ED-CF2B-4BE9-A51B-DABBC174CD77}.Debug|Win32.Build.0 = Debug|Win32
		{582AB7ED-CF2B-4BE9-A51B-DABBC174CD77}.Debug|x64.ActiveCfg = Debug|x64
		{582AB7ED-CF2B-4BE9-A51B-DABBC174CD77}.Debug|x64.Build.0 = Debug|x64
		{582AB7ED-CF2B-4BE9-A51B-DABBC174CD77}.Release|Win32.ActiveCfg = Release|Win32
		{582AB7ED-CF2B-4BE9-A51B-DABBC174CD77}.Release|Win32.Build.0 = Release|Win32
		{582AB7ED-CF2B-4BE9-A51B-DABBC174CD77}.Release|x64.ActiveCfg = Release|x64
		{582AB7ED-CF2B-4BE9-A51B-DABBC174CD77}.Release|x64.Build.0 = Release|x64
		{87ACBF0E-DCDE-4F19-AD3B-C92F53C49C4F}.Debug|Win32.ActiveCfg = Debug|Win32
		{87ACBF0E-DCDE-4F19-AD3B-C92F53C49C4F}.Debug|Win32.Build.0 = Debug|Win32
		{87ACBF0E-DCDE-4F19-AD3B-C92F53C49C4F}.Debug|x64.ActiveCfg = Debug|x64
		{87ACBF0E-DCDE-4F19-AD3B-C92F53C49C4F}.Debug|x64.Build.0 = Debug|x64
		{87ACBF0E-DCDE-4F19-AD3B-C92F53C49C4F}.Release|Win32.ActiveCfg = Release|Win32
		{87ACBF0E-DCDE-4F19-AD3B-C92F53C49C4F}.Release|Win32.Build.0 = Release|Win32
		{87ACBF0E-DCDE-4F19-AD3B-C92F53C49C4F}.Release|x64.ActiveCfg = Release|x64
		{87ACBF0E-DCDE-4F19-AD3B-C92F53C49C4F}.Release|x64.Build.0 = Release|x64
		{AB4EDF66-C873-4740-8897-63CF58EBB9F9}.Debug|Win32.ActiveCfg = Debug|Win32
		{AB4EDF66-C873-4740-8897-63CF58EBB9F9}.Debug|Win32.Build.0 = Debug|Win32
		{AB4EDF66-C873-4740-8897-63CF58EBB9F9}.Debug|x64.ActiveCfg = Debug|x64
		{AB4EDF66-C873-4740-8897-63CF58EBB9F9}.Debug|x64.Build.0 = Debug|x64
		{AB4EDF66-C873-4740-8897-63CF58EBB9F9}.Release|Win32.ActiveCfg = Release|Win32
		{AB4EDF66-C873-4740-8897-63CF58EBB9F9}.Release|Win32.Build.0 = Release|Win32
		{AB4EDF66-C873-4740-8897-63CF58EBB9F9}.Release|x64.ActiveCfg = Release|x64
		{AB4EDF66-C873-4740-8897-63CF58EBB9F9}.Release|x64.Build.0 = Release|x64
		{E12C7494-DAA1-4D5A-A448-C3A8D697B53B}.Debug|Win32.ActiveCfg = Debug|Win32
		{E12C7494-DAA1-4D5A-A448-C3A8D697B53B}.Debug|Win32.Build.0 = Debug|Win32
		{E12C7494-DAA1-4D5A-A448-C3A8D697B53B}.Debug|x64.ActiveCfg = Debug|x64
		{E12C7494-DAA1-4D5A-A448-C3A8D697B53B}.Debug|x64.Build.0 = Debug|x64
		{E12C7494-DAA1-4D5A-A448-C3A8D697B53B}.Release|Win32.ActiveCfg = Release|Win32
		{E12C7494-DAA1-4D5A-A448-C3A8D697B53B}.Release|Win32.Build.0 = Release|Win32
		{E12C7494-DAA1-4D5A-A448-C3A8D697B53B}.Release|x64.ActiveCfg = Release|x64
		{E12C7494-DAA1-4D5A-A448-C3A8D697B53B}.Release|x64.Build.0 = Release|x64
		{E937A998-0CFA-4ED0-A889-A663BC65BFFC}.Debug|Win32.ActiveCfg = Debug|Win32
		{E937A998-0CFA-4ED0-A889-A663BC65BFFC}.Debug|Win32.Build.0 = Debug|Win32
		{E937A998-0CFA-4ED0-A889-A663BC65BFFC}.Debug|x64.ActiveCfg = Debug|x64
		{E937A998-0CFA-4ED0-A889-A663BC65BFFC}.Debug|x64.Build.0 = Debug|x64
		{E937A998-0CFA-4ED0-A889-A663BC65BFFC}.Release|Win32.ActiveCfg = Release|Win32
		{E937A998-0CFA-4ED0-A889-A663BC65BFFC}.Release|Win32.Build.0 = Release|Win32
		{E937A998-0CFA-4ED0-A889-A663BC65BFFC}.Release|x64.ActiveCfg = Release|x64
		{E937A998-0CFA-4ED0-A889-A663BC65BFFC}.Release|x64.Build.0 = Release|x64
		{42FB19C6-7384-4327-BDD3-7BB25947BEDA}.Debug|Win32.ActiveCfg = Debug|Win32
		{42FB19C6-7384-4327-BDD3-7BB25947BEDA}.Debug|Win32.Build.0 = Debug|Win32
		{42FB19C6-7384-4327-BDD3-7BB25947BEDA}.Debug|x64.ActiveCfg = Debug|x64
		{42FB19C6-7384-4327-BDD3-7BB25947BEDA}.Debug|x64.Build.0 = Debug|x64
		{42FB19C6-7384-4327-BDD3-7BB25947BEDA}.Release|Win32.ActiveCfg = Release|Win32
		{42FB19C6-7384-4327-BDD3-7BB25947BEDA}.Release|Win32.Build.0 = Release|Win32
		{42FB19C6-7384-4327-BDD3-7BB25947BEDA}.Release|x64.ActiveCfg = Release|x64
		{42FB19C6-7384-4327-BDD3-7BB25947BEDA}.Release|x64.Build.0 = Release|x64
		{90D4D383-61BE-4AA5-9BDB-691647AE9746}.Debug|Win32.ActiveCfg = Debug|Win32
		{90D4D383-61BE-4AA5-9BDB-691647AE9746}.Debug|Win32.Build.0 = Debug|Win32
		{90D4D383-61BE-4AA5-9BDB-691647AE9746}.Debug|x64.ActiveCfg = Debug|x64
		{90D4D383-61BE-4AA5-9BDB-691647AE9746}.Debug|x64.Build.0 = Debug|x64
		{90D4D383-61BE-4AA5-9BDB-691647AE9746}.Release|Win32.ActiveCfg = Release|Win32
		{90D4D383-61BE-4AA5-9BDB-691647AE9746}.Release|Win32.Build.0 = Release|Win32
		{90D4D383-61BE-4AA5-9BDB-691647AE9746}.Release|x64.ActiveCfg = Release|x64
		{90D4D383-61BE-4AA5-9BDB-691647AE9746}.Release|x64.Build.0 = Release|x64
		{2BF38BF4-D02B-4AF9-AD5E-58D77E740460}.Debug|Win32.ActiveCfg = Debug|Win32
		{2BF38BF4-D02B-4AF9-AD5E-58D77E740460}.Debug|Win32.Build.0 = Debug|Win32
		{2BF38BF4-D02B-4AF9-AD5E-58D77E740460}.Debug|x64.ActiveCfg = Debug|x64
		{2BF38BF4-D02B-4AF9-AD5E-58D77E740460}.Debug|x64.Build.0 = Debug|x64
		{2BF38BF4-D02B-4AF9-AD5E-58D77E740460}.Release|Win32.ActiveCfg = Release|Win32
		{2BF38BF4-D02B-4AF9-AD5E-58D77E740460}.Release|Win32.Build.0 = Release|Win32
		{2BF38BF4-D02B-4AF9-AD5E-58D77E740460}.Release|x64.ActiveCfg = Release|x64
		{2BF38BF4-D02B-4AF9-AD5E-58D77E740460}.Release|x64.Build.0 = Release|x64
		{434EE428-0BB5-4934-AA88-4EA32AE90E17}.Debug|Win32.ActiveCfg = Debug|Win32
		{434EE428-0BB5-4934-AA88-4EA32AE90E17}.Debug|Win32.Build.0 = Debug|Win32
		{434EE428-0BB5-4934-AA88-4EA32AE90E17}.Debug|x64.ActiveCfg = Debug|x64
		{434EE428-0BB5-4934-AA88-4EA32AE90E17}.Debug|x64.Build.0 = Debug|x64
		{434EE428-0BB5-4934-AA88-4EA32AE90E17}.Release|Win32.ActiveCfg = Release|Win32
		{434EE428-0BB5-4934-AA88-4EA32AE90E17}.Release|Win32.Build.0 = Release|Win32
		{434EE428-0BB5-4934-AA88-4EA32AE90E17}.Release|x64.ActiveCfg = Release|x64
		{434EE428-0BB5-4934-AA88-4EA32AE90E17}.Release|x64.Build.0 = Release|x64
		{58A3110E-90FD-4C58-A394-2E03446A2A73}.Debug|Win32.ActiveCfg = Debug|Win32
		{58A3110E-90FD-4C58-A394-2E03446A2A73}.Debug|Win32.Build.0 = Debug|Win32
		{58A3110E-90FD-4C58-A394-2E03446A2A73}.Debug|x64.ActiveCfg = Debug|x64
		{58A3110E-90FD-4C58-A394-2E03446A2A73}.Debug|x64.Build.0 = Debug|x64
		{58A3110E-90FD-4C58-A394-2E03446A2A73}.Release|Win32.ActiveCfg = Release|Win32
		{58A3110E-90FD-4C58-A394-2E03446A2A73}.Release|Win32.Build.0 = Release|Win32
		{58A3110E-90FD-4C58-A394-2E03446A2A73}.Release|x64.ActiveCfg = Release|x64
		{58A3110E-90FD-4C58-A394-2E03446A2A73}.Release|x64.Build.0 = Release|x64
		{83593CDC-3B45-4B95-9EA5-ED5E2F30F2CB}.Debug|Win32.ActiveCfg = Debug|Win32
		{83593CDC-3B45-4B95-9EA5-ED5E2F30F2CB}.Debug|Win32.Build.0 = Debug|Win32
		{83593CDC-3B45-4B95-9EA5-ED5E2F30F2CB}.Debug|x64.ActiveCfg = Debug|x64
		{83593CDC-3B45-4B95-9EA5-ED5E2F30F2CB}.Debug|x64.Build.0 = Debug|x64
		{83593CDC-3B45-4B95-9EA5-ED5E2F30F2CB}.Release|Win32.ActiveCfg = Release|Win32
		{83593CDC-3B45-4B95-9EA5-ED5E2F30F2CB}.Release|Win32.Build.0 = Release|Win32
		{83593CDC-3B45-4B95-9EA5-ED5E2F30F2CB}.Release|x64.ActiveCfg = Release|x64
		{83593CDC-3B45-4B95-9EA5-ED5E2F30F2CB}.Release|x64.Build.0 = Release|x64
		{1357AAEF-ECC7-4307-80FA-86BA5DC7CE24}.Debug|Win32.ActiveCfg = Debug|Win32
		{1357AAEF-ECC7-4307-80FA-86BA5DC7CE24}.Debug|Win32.Build.0 = Debug|Win32
		{1357AAEF-ECC7-4307-80FA-86BA5DC7CE24}.Debug|x64.ActiveCfg = Debug|x64
		{1357AAEF-ECC7-4307-80FA-86BA5DC7CE24}.Debug|x64.Build.0 = Debug|x64
		{1357AAEF-ECC7-4307-80FA-86BA5DC7CE24}.Release|Win32.ActiveCfg = Release|Win32
		{1357AAEF-ECC7-4307-80FA-86BA5DC7CE24}.Release|Win32.Build.0 = Release|Win32
		{1357AAEF-ECC7-4307-80FA-86BA5DC7CE24}.Release|x64.ActiveCfg = Release|x64
		{1357AAEF-ECC7-4307-80FA-86BA5DC7CE24}.Release|x64.Build.0 = Release|x64
		{B28878A8-D222-4EC8-8569-280F715FBC1E}.Debug|Win32.ActiveCfg = Debug|Win32
		{B28878A8-D222-4EC8-8569-280F715FBC1E}.Debug|Win32.Build.0 = Debug|Win32
		{B28878A8-D222-4EC8-8569-280F715FBC1E}.Debug|x64.ActiveCfg = Debug|x64
		{B28878A8-D222-4EC8-8569-280F715FBC1E}.Debug|x64.Build.0 = Debug|x64
		{B28878A8-D222-4EC8-8569-280F715FBC1E}.Release|Win32.ActiveCfg = Release|Win32
		{B28878A8-D222-4EC8-8569-280F715FBC1E}.Release|Win32.Build.0 = Release|Win32
		{B28878A8-D222-4EC8-8569-280F715FBC1E}.Release|x64.ActiveCfg = Release|x64
		{B28878A8-D222-4EC8-8569-280F715FBC1E}.Release|x64.Build.0 = Release|x64
		{AD56F71B-4B3F-4AEC-8B20-05BDC8FDAE7F}.Debug|Win32.ActiveCfg = Debug|Win32
		{AD56F71B-4B3F-4AEC-8B20-05BDC8FDAE7F}.Debug|Win32.Build.0 = Debug|Win32
		{AD56F71B-4B3F-4AEC-8B20-05BDC8FDAE7F}.Debug|x64.ActiveCfg = Debug|x64
		{AD56F71B-4B3F-4AEC-8B20-05BDC8FDAE7F}.Debug|x64.Build.0 = Debug|x64
		{AD56F71B-4B3F-4AEC-8B20-05BDC8FDAE7F}.Release|Win32.ActiveCfg = Release|Win32
		{AD56F71B-4B3F-4AEC-8B20-05BDC8FDAE7F}.Release|Win32.Build.0 = Release|Win32
		{AD56F71B-4B3F-4AEC-8B20-05BDC8FDAE7F}.Release|x64.ActiveCfg = Release|x64
		{AD56F71B-4B3F-4AEC-8B20-05BDC8FDAE7F}.Release|x64.Build.0 = Release|x64
		{1204D7DC-7E0B-4710-87D7-5BBC67FAAC63}.Debug|Win32.ActiveCfg = Debug|Win32
		{1204D7DC-7E0B-4710-87D7-5BBC67FAAC63}.Debug|Win32.Build.0 = Debug|Win32
		{1204D7DC-7E0B-4710-87D7-5BBC67FAAC63}.Debug|x64.ActiveCfg = Debug|x64
		{1204D7DC-7E0B-4710-87D7-5BBC67FAAC63}.Debug|x64.Build.0 = Debug|x64
		{1204D7DC-7E0B-4710-87D7-5BBC67FAAC63}.Release|Win32.ActiveCfg = Release|Win32
		{1204D7DC-7E0B-4710-87D7-5BBC67FAAC63}.Release|Win32.Build.0 = Release|Win32
		{1204D7DC-7E0B-4710-87D7-5BBC67FAAC63}.Release|x64.ActiveCfg = Release|x64
		{1204D7DC-7E0B-4710-87D7-5BBC67FAAC63}.Release|x64.Build.0 = Release|x64
		{453F45FB-8A0A-4B93-9482-ED4E6A0ABFAA}.Debug|Win32.ActiveCfg = Debug|Win32
		{453F45FB-8A0A-4B93-9482-ED4E6A0ABFAA}.Debug|Win32.Build.0 = Debug|Win32
		{453F45FB-8A0A-4B93-9482-ED4E6A0ABFAA}.Debug|x64.ActiveCfg = Debug|x64
		{453F45FB-8A0A-4B93-9482-ED4E6A0ABFAA}.Debug|x64.Build.0 = Debug|x64
		{453F45FB-8A0A-4B93-9482-ED4E6A0ABFAA}.Release|Win32.ActiveCfg = Release|Win32
		{453F45FB-8A0A-4B93-9482-ED4E6A0ABFAA}.Release|Win32.Build.0 = Release|Win32
		{453F45FB-8A0A-4B93-9482-ED4E6A0ABFAA}.Release|x64.ActiveCfg = Release|x64
		{453F45FB-8A0A-4B93-9482-ED4E6A0ABFAA}.Release|x64.Build.0 = Release|x64
		{B9768B57-9ED4-4ADB-9A20-CF502C54D709}.Debug|Win32.ActiveCfg = Debug|Win32
		{B9768B57-9ED4-4ADB-9A20-CF502C54D709}.Debug|Win32.Build.0 = Debug|Win32
		{B9768B57-9ED4-4ADB-9A20-CF502C54D709}.Debug|x64.ActiveCfg = Debug|x64
		{B9768B57-9ED4-4ADB-9A20-CF502C54D709}.Debug|x64.Build.0 = Debug|x64
		{B9768B57-9ED4-4ADB-9A20-CF502C54D709}.Release|Win32.ActiveCfg = Release|Win32
		{B9768B57-9ED4-4ADB-9A20-CF502C54D709}.Release|Win32.Build.0 = Release|Win32
		{B9768B57-9ED4-4ADB-9A20-CF502C54D709}.Release|x64.ActiveCfg = Release|x64
		{B9768B57-9ED4-4ADB-9A20-CF502C54D709}.Release|x64.Build.0 = Release|x64
	EndGlobalSection
	GlobalSection(SolutionProperties) = preSolution
		HideSolutionNode = FALSE
	EndGlobalSection
	GlobalSection(NestedProjects) = preSolution
		{8B076FC7-BFDD-4121-90ED-1531CAFBB09A} = {6F64201D-C110-45CA-88BA-0423F8FFBD4C}
		{1A971F69-0AB2-4D81-B3C8-75BBE0C4DC46} = {6F64201D-C110-45CA-88BA-0423F8FFBD4C}
		{BC0313B9-56E6-476F-9125-548901DF3B8B} = {BF8C9233-E545-450A-8605-0D0DB10DE0AC}
		{9E83FA75-20C0-4FAE-9DD2-E5557568AF70} = {BF8C9233-E545-450A-8605-0D0DB10DE0AC}
		{A4337819-A6D0-460C-B038-06CC64E93CEF} = {BF8C9233-E545-450A-8605-0D0DB10DE0AC}
		{231EF90D-0255-4AF7-B4BE-B21EF4AFEA97} = {BF8C9233-E545-450A-8605-0D0DB10DE0AC}
		{C271CF16-B5EE-4AB2-BDBB-34229F49AC36} = {BF8C9233-E545-450A-8605-0D0DB10DE0AC}
		{B3A329B5-2C8D-4226-AADC-6046A101A27C} = {BF8C9233-E545-450A-8605-0D0DB10DE0AC}
		{3ABF8E40-07B3-4303-A8BD-17CCAC414B7C} = {BF8C9233-E545-450A-8605-0D0DB10DE0AC}
		{453F45FB-8A0A-4B93-9482-ED4E6A0ABFAA} = {BF8C9233-E545-450A-8605-0D0DB10DE0AC}
		{B9768B57-9ED4-4ADB-9A20-CF502C54D709} = {BF8C9233-E545-450A-8605-0D0DB10DE0AC}
		{C0B4A6C7-D640-4482-A9D6-ECF99615CA9C} = {4523E4EB-AFBB-47D6-8AFD-F750C1135341}
		{75CC4E7B-7364-4214-82C9-E716A02331B4} = {4523E4EB-AFBB-47D6-8AFD-F750C1135341}
		{B2A1106A-FD60-4CB0-8213-3613DC9E00B1} = {4523E4EB-AFBB-47D6-8AFD-F750C1135341}
		{582AB7ED-CF2B-4BE9-A51B-DABBC174CD77} = {4523E4EB-AFBB-47D6-8AFD-F750C1135341}
		{87ACBF0E-DCDE-4F19-AD3B-C92F53C49C4F} = {4523E4EB-AFBB-47D6-8AFD-F750C1135341}
		{AB4EDF66-C873-4740-8897-63CF58EBB9F9} = {4523E4EB-AFBB-47D6-8AFD-F750C1135341}
		{E12C7494-DAA1-4D5A-A448-C3A8D697B53B} = {4523E4EB-AFBB-47D6-8AFD-F750C1135341}
		{E937A998-0CFA-4ED0-A889-A663BC65BFFC} = {4523E4EB-AFBB-47D6-8AFD-F750C1135341}
		{42FB19C6-7384-4327-BDD3-7BB25947BEDA} = {4523E4EB-AFBB-47D6-8AFD-F750C1135341}
		{90D4D383-61BE-4AA5-9BDB-691647AE9746} = {19F1C892-F2F6-4FAF-AADD-8DC1D6025F3B}
		{2BF38BF4-D02B-4AF9-AD5E-58D77E740460} = {19F1C892-F2F6-4FAF-AADD-8DC1D6025F3B}
		{434EE428-0BB5-4934-AA88-4EA32AE90E17} = {19F1C892-F2F6-4FAF-AADD-8DC1D6025F3B}
		{58A3110E-90FD-4C58-A394-2E03446A2A73} = {19F1C892-F2F6-4FAF-AADD-8DC1D6025F3B}
		{83593CDC-3B45-4B95-9EA5-ED5E2F30F2CB} = {19F1C892-F2F6-4FAF-AADD-8DC1D6025F3B}
		{1357AAEF-ECC7-4307-80FA-86BA5DC7CE24} = {19F1C892-F2F6-4FAF-AADD-8DC1D6025F3B}
		{B28878A8-D222-4EC8-8569-280F715FBC1E} = {19F1C892-F2F6-4FAF-AADD-8DC1D6025F3B}
		{AD56F71B-4B3F-4AEC-8B20-05BDC8FDAE7F} = {19F1C892-F2F6-4FAF-AADD-8DC1D6025F3B}
		{398F71E3-53DA-431F-AFAE-AAE4F53F4314} = {AE193DBC-D356-4706-B85B-61F8CC98F796}
		{1204D7DC-7E0B-4710-87D7-5BBC67FAAC63} = {AE193DBC-D356-4706-B85B-61F8CC98F796}
	EndGlobalSection
EndGlobal
